
Microsoft Visual Studio Solution File, Format Version 11.00
# Visual Studio 2010
Project("{8BC9CEB8-8B4A-11D0-8D11-00A0C91BC942}") = "tier0", "..\tier0\tier0.vcxproj", "{0276AC91-E71A-2E06-D356-697EEDCD3BA1}"
EndProject
Project("{8BC9CEB8-8B4A-11D0-8D11-00A0C91BC942}") = "vstdlib", "..\vstdlib\vstdlib.vcxproj", "{DC39E6BD-F141-9390-BBEF-93527AC294B2}"
	ProjectSection(ProjectDependencies) = postProject
		{0276AC91-E71A-2E06-D356-697EEDCD3BA1} = {0276AC91-E71A-2E06-D356-697EEDCD3BA1}
	EndProjectSection
EndProject
Project("{8BC9CEB8-8B4A-11D0-8D11-00A0C91BC942}") = "unitlib", "..\unitlib\unitlib.vcxproj", "{45F96E47-CFEC-BFDB-F3AF-4AB7DCB2CA23}"
	ProjectSection(ProjectDependencies) = postProject
		{DC39E6BD-F141-9390-BBEF-93527AC294B2} = {DC39E6BD-F141-9390-BBEF-93527AC294B2}
		{0276AC91-E71A-2E06-D356-697EEDCD3BA1} = {0276AC91-E71A-2E06-D356-697EEDCD3BA1}
	EndProjectSection
EndProject
Project("{8BC9CEB8-8B4A-11D0-8D11-00A0C91BC942}") = "vtf", "..\vtf\vtf.vcxproj", "{3CAC60CB-9ABF-0381-E5F1-CE9EF0B0D851}"
EndProject
Project("{8BC9CEB8-8B4A-11D0-8D11-00A0C91BC942}") = "shaderlib", "..\shaderlib\shaderlib.vcxproj", "{D2F97356-F601-B67E-9CA3-EB9B81FFD4DC}"
EndProject
Project("{8BC9CEB8-8B4A-11D0-8D11-00A0C91BC942}") = "stdshader_dbg", "..\materialsystem\stdshaders\stdshader_dbg.vcxproj", "{2C4E2A1C-1A63-3B90-508E-021B371A2AFF}"
	ProjectSection(ProjectDependencies) = postProject
		{D2F97356-F601-B67E-9CA3-EB9B81FFD4DC} = {D2F97356-F601-B67E-9CA3-EB9B81FFD4DC}
		{DC39E6BD-F141-9390-BBEF-93527AC294B2} = {DC39E6BD-F141-9390-BBEF-93527AC294B2}
		{0276AC91-E71A-2E06-D356-697EEDCD3BA1} = {0276AC91-E71A-2E06-D356-697EEDCD3BA1}
	EndProjectSection
EndProject
Project("{8BC9CEB8-8B4A-11D0-8D11-00A0C91BC942}") = "stdshader_dx6", "..\materialsystem\stdshaders\stdshader_dx6.vcxproj", "{EAEB37A5-7158-BFB3-83D2-6E1D8CFEB2EF}"
	ProjectSection(ProjectDependencies) = postProject
		{D2F97356-F601-B67E-9CA3-EB9B81FFD4DC} = {D2F97356-F601-B67E-9CA3-EB9B81FFD4DC}
		{DC39E6BD-F141-9390-BBEF-93527AC294B2} = {DC39E6BD-F141-9390-BBEF-93527AC294B2}
		{0276AC91-E71A-2E06-D356-697EEDCD3BA1} = {0276AC91-E71A-2E06-D356-697EEDCD3BA1}
	EndProjectSection
EndProject
Project("{8BC9CEB8-8B4A-11D0-8D11-00A0C91BC942}") = "stdshader_dx7", "..\materialsystem\stdshaders\stdshader_dx7.vcxproj", "{20E5D14A-525A-3272-3DE2-07E303955EC3}"
	ProjectSection(ProjectDependencies) = postProject
		{D2F97356-F601-B67E-9CA3-EB9B81FFD4DC} = {D2F97356-F601-B67E-9CA3-EB9B81FFD4DC}
		{DC39E6BD-F141-9390-BBEF-93527AC294B2} = {DC39E6BD-F141-9390-BBEF-93527AC294B2}
		{0276AC91-E71A-2E06-D356-697EEDCD3BA1} = {0276AC91-E71A-2E06-D356-697EEDCD3BA1}
	EndProjectSection
EndProject
Project("{8BC9CEB8-8B4A-11D0-8D11-00A0C91BC942}") = "stdshader_dx8", "..\materialsystem\stdshaders\stdshader_dx8.vcxproj", "{60200D53-CE38-231C-17E6-69F8E8CF5E28}"
	ProjectSection(ProjectDependencies) = postProject
		{D2F97356-F601-B67E-9CA3-EB9B81FFD4DC} = {D2F97356-F601-B67E-9CA3-EB9B81FFD4DC}
		{DC39E6BD-F141-9390-BBEF-93527AC294B2} = {DC39E6BD-F141-9390-BBEF-93527AC294B2}
		{0276AC91-E71A-2E06-D356-697EEDCD3BA1} = {0276AC91-E71A-2E06-D356-697EEDCD3BA1}
	EndProjectSection
EndProject
Project("{8BC9CEB8-8B4A-11D0-8D11-00A0C91BC942}") = "stdshader_dx9", "..\materialsystem\stdshaders\stdshader_dx9.vcxproj", "{4F85B52B-79AE-7DF3-6AB8-80D72C51C72D}"
	ProjectSection(ProjectDependencies) = postProject
		{D2F97356-F601-B67E-9CA3-EB9B81FFD4DC} = {D2F97356-F601-B67E-9CA3-EB9B81FFD4DC}
		{DC39E6BD-F141-9390-BBEF-93527AC294B2} = {DC39E6BD-F141-9390-BBEF-93527AC294B2}
		{0276AC91-E71A-2E06-D356-697EEDCD3BA1} = {0276AC91-E71A-2E06-D356-697EEDCD3BA1}
	EndProjectSection
EndProject
Project("{8BC9CEB8-8B4A-11D0-8D11-00A0C91BC942}") = "stdshader_hdr_dx9", "..\materialsystem\stdshaders\stdshader_hdr_dx9.vcxproj", "{39D30BE6-2F43-692A-4EFE-FEA2524362CE}"
	ProjectSection(ProjectDependencies) = postProject
		{D2F97356-F601-B67E-9CA3-EB9B81FFD4DC} = {D2F97356-F601-B67E-9CA3-EB9B81FFD4DC}
		{DC39E6BD-F141-9390-BBEF-93527AC294B2} = {DC39E6BD-F141-9390-BBEF-93527AC294B2}
		{0276AC91-E71A-2E06-D356-697EEDCD3BA1} = {0276AC91-E71A-2E06-D356-697EEDCD3BA1}
	EndProjectSection
EndProject
Project("{8BC9CEB8-8B4A-11D0-8D11-00A0C91BC942}") = "shader_nvfx", "..\materialsystem\stdshaders\shader_nvfx.vcxproj", "{633B2258-A151-4683-4033-14766ACCDBAC}"
	ProjectSection(ProjectDependencies) = postProject
		{D2F97356-F601-B67E-9CA3-EB9B81FFD4DC} = {D2F97356-F601-B67E-9CA3-EB9B81FFD4DC}
		{DC39E6BD-F141-9390-BBEF-93527AC294B2} = {DC39E6BD-F141-9390-BBEF-93527AC294B2}
		{0276AC91-E71A-2E06-D356-697EEDCD3BA1} = {0276AC91-E71A-2E06-D356-697EEDCD3BA1}
	EndProjectSection
EndProject
Project("{8BC9CEB8-8B4A-11D0-8D11-00A0C91BC942}") = "shader_nvfx_ps20", "..\materialsystem\stdshaders\shader_nvfx_ps20.vcxproj", "{87CC69A5-F20F-E80E-410C-A527E49A2F05}"
	ProjectSection(ProjectDependencies) = postProject
		{D2F97356-F601-B67E-9CA3-EB9B81FFD4DC} = {D2F97356-F601-B67E-9CA3-EB9B81FFD4DC}
		{DC39E6BD-F141-9390-BBEF-93527AC294B2} = {DC39E6BD-F141-9390-BBEF-93527AC294B2}
		{0276AC91-E71A-2E06-D356-697EEDCD3BA1} = {0276AC91-E71A-2E06-D356-697EEDCD3BA1}
	EndProjectSection
EndProject
Project("{8BC9CEB8-8B4A-11D0-8D11-00A0C91BC942}") = "shaderempty", "..\materialsystem\shaderempty\shaderempty.vcxproj", "{D728E835-2DE2-C1F8-6301-FB8B7FF5284E}"
	ProjectSection(ProjectDependencies) = postProject
		{DC39E6BD-F141-9390-BBEF-93527AC294B2} = {DC39E6BD-F141-9390-BBEF-93527AC294B2}
		{0276AC91-E71A-2E06-D356-697EEDCD3BA1} = {0276AC91-E71A-2E06-D356-697EEDCD3BA1}
	EndProjectSection
EndProject
Project("{8BC9CEB8-8B4A-11D0-8D11-00A0C91BC942}") = "shaderdx8", "..\materialsystem\shaderdx8\shaderdx8.vcxproj", "{9D8226BD-F136-70EB-D951-20EEED3BD1EE}"
	ProjectSection(ProjectDependencies) = postProject
		{DC39E6BD-F141-9390-BBEF-93527AC294B2} = {DC39E6BD-F141-9390-BBEF-93527AC294B2}
		{0276AC91-E71A-2E06-D356-697EEDCD3BA1} = {0276AC91-E71A-2E06-D356-697EEDCD3BA1}
	EndProjectSection
EndProject
Project("{8BC9CEB8-8B4A-11D0-8D11-00A0C91BC942}") = "playback_dx9", "..\materialsystem\shaderdx8\playback\playback_dx9.vcxproj", "{15D100AE-75B7-560B-A508-FEB5135F9253}"
EndProject
Project("{8BC9CEB8-8B4A-11D0-8D11-00A0C91BC942}") = "materialsystem", "..\materialsystem\materialsystem.vcxproj", "{F58BCD35-C982-5CAC-F2D5-1AC8E2369685}"
	ProjectSection(ProjectDependencies) = postProject
		{D2F97356-F601-B67E-9CA3-EB9B81FFD4DC} = {D2F97356-F601-B67E-9CA3-EB9B81FFD4DC}
		{DC39E6BD-F141-9390-BBEF-93527AC294B2} = {DC39E6BD-F141-9390-BBEF-93527AC294B2}
		{0276AC91-E71A-2E06-D356-697EEDCD3BA1} = {0276AC91-E71A-2E06-D356-697EEDCD3BA1}
		{3CAC60CB-9ABF-0381-E5F1-CE9EF0B0D851} = {3CAC60CB-9ABF-0381-E5F1-CE9EF0B0D851}
	EndProjectSection
EndProject
Project("{8BC9CEB8-8B4A-11D0-8D11-00A0C91BC942}") = "mxtoolkitwin32", "..\utils\mxtk\msvc\mxtoolkitwin32.vcxproj", "{DE91F740-F5A5-FEDD-6C8E-78EB5B50FC38}"
EndProject
Project("{8BC9CEB8-8B4A-11D0-8D11-00A0C91BC942}") = "vgui_surfacelib", "..\vgui2\vgui_surfacelib\vgui_surfacelib.vcxproj", "{AC064134-8CB9-366C-45D2-147C040FC7DB}"
EndProject
Project("{8BC9CEB8-8B4A-11D0-8D11-00A0C91BC942}") = "vgui_dll", "..\vgui2\src\vgui_dll.vcxproj", "{5FC2D6BC-291F-7A15-4240-47D92EBEF04F}"
	ProjectSection(ProjectDependencies) = postProject
		{AC064134-8CB9-366C-45D2-147C040FC7DB} = {AC064134-8CB9-366C-45D2-147C040FC7DB}
		{DC39E6BD-F141-9390-BBEF-93527AC294B2} = {DC39E6BD-F141-9390-BBEF-93527AC294B2}
		{0276AC91-E71A-2E06-D356-697EEDCD3BA1} = {0276AC91-E71A-2E06-D356-697EEDCD3BA1}
	EndProjectSection
EndProject
Project("{8BC9CEB8-8B4A-11D0-8D11-00A0C91BC942}") = "vgui_controls", "..\vgui2\controls\vgui_controls.vcxproj", "{43498E62-13FE-57B6-802C-F4C1C33ED5AC}"
EndProject
Project("{8BC9CEB8-8B4A-11D0-8D11-00A0C91BC942}") = "vphysics", "..\vphysics\vphysics.vcxproj", "{F549FEA0-03A5-9BC0-E7D9-D05249B7445A}"
	ProjectSection(ProjectDependencies) = postProject
		{3CF6D3B4-A854-4B2E-7084-54ACDB6E5D4A} = {3CF6D3B4-A854-4B2E-7084-54ACDB6E5D4A}
		{0B95FD46-49BC-87A3-B5F5-92302384A5BA} = {0B95FD46-49BC-87A3-B5F5-92302384A5BA}
	EndProjectSection
EndProject
Project("{8BC9CEB8-8B4A-11D0-8D11-00A0C91BC942}") = "studiorender", "..\studiorender\studiorender.vcxproj", "{795AC7FF-B49A-845F-4B99-7A50058D930C}"
	ProjectSection(ProjectDependencies) = postProject
		{DC39E6BD-F141-9390-BBEF-93527AC294B2} = {DC39E6BD-F141-9390-BBEF-93527AC294B2}
		{0276AC91-E71A-2E06-D356-697EEDCD3BA1} = {0276AC91-E71A-2E06-D356-697EEDCD3BA1}
	EndProjectSection
EndProject
Project("{8BC9CEB8-8B4A-11D0-8D11-00A0C91BC942}") = "filesystem_stdio", "..\filesystem\filesystem_stdio\filesystem_stdio.vcxproj", "{9723869D-792F-FF6D-F3BF-C06BCE93C357}"
	ProjectSection(ProjectDependencies) = postProject
		{DC39E6BD-F141-9390-BBEF-93527AC294B2} = {DC39E6BD-F141-9390-BBEF-93527AC294B2}
		{0276AC91-E71A-2E06-D356-697EEDCD3BA1} = {0276AC91-E71A-2E06-D356-697EEDCD3BA1}
	EndProjectSection
EndProject
Project("{8BC9CEB8-8B4A-11D0-8D11-00A0C91BC942}") = "filesystem_steam", "..\filesystem\filesystem_stdio\filesystem_steam.vcxproj", "{CF2DAD12-9032-842C-4534-6424659670AF}"
	ProjectSection(ProjectDependencies) = postProject
		{DC39E6BD-F141-9390-BBEF-93527AC294B2} = {DC39E6BD-F141-9390-BBEF-93527AC294B2}
		{0276AC91-E71A-2E06-D356-697EEDCD3BA1} = {0276AC91-E71A-2E06-D356-697EEDCD3BA1}
	EndProjectSection
EndProject
Project("{8BC9CEB8-8B4A-11D0-8D11-00A0C91BC942}") = "appframework", "..\appframework\appframework.vcxproj", "{1C98D7EF-08B1-A0EF-D2C0-5BD40532565E}"
EndProject
Project("{8BC9CEB8-8B4A-11D0-8D11-00A0C91BC942}") = "vguimatsurface", "..\vguimatsurface\vguimatsurface.vcxproj", "{0AD8E877-FDDC-C8A6-BB05-2BF3839D661E}"
	ProjectSection(ProjectDependencies) = postProject
		{AC064134-8CB9-366C-45D2-147C040FC7DB} = {AC064134-8CB9-366C-45D2-147C040FC7DB}
		{43498E62-13FE-57B6-802C-F4C1C33ED5AC} = {43498E62-13FE-57B6-802C-F4C1C33ED5AC}
		{DC39E6BD-F141-9390-BBEF-93527AC294B2} = {DC39E6BD-F141-9390-BBEF-93527AC294B2}
		{0276AC91-E71A-2E06-D356-697EEDCD3BA1} = {0276AC91-E71A-2E06-D356-697EEDCD3BA1}
	EndProjectSection
EndProject
Project("{8BC9CEB8-8B4A-11D0-8D11-00A0C91BC942}") = "GameUI", "..\gameui\GameUI.vcxproj", "{0F74FD40-76FB-51A1-ECE6-8D83D06FA407}"
	ProjectSection(ProjectDependencies) = postProject
		{43498E62-13FE-57B6-802C-F4C1C33ED5AC} = {43498E62-13FE-57B6-802C-F4C1C33ED5AC}
		{DC39E6BD-F141-9390-BBEF-93527AC294B2} = {DC39E6BD-F141-9390-BBEF-93527AC294B2}
		{0276AC91-E71A-2E06-D356-697EEDCD3BA1} = {0276AC91-E71A-2E06-D356-697EEDCD3BA1}
		{3CAC60CB-9ABF-0381-E5F1-CE9EF0B0D851} = {3CAC60CB-9ABF-0381-E5F1-CE9EF0B0D851}
	EndProjectSection
EndProject
Project("{8BC9CEB8-8B4A-11D0-8D11-00A0C91BC942}") = "miles", "..\engine\voice_codecs\miles\miles.vcxproj", "{8DCB4F7D-A7B5-DB8A-8518-537AC67740FB}"
EndProject
Project("{8BC9CEB8-8B4A-11D0-8D11-00A0C91BC942}") = "ServerBrowser", "..\Tracker\ServerBrowser\ServerBrowser.vcxproj", "{C8C3FE7B-B7F2-8F91-2048-E452F9C5AA83}"
	ProjectSection(ProjectDependencies) = postProject
		{43498E62-13FE-57B6-802C-F4C1C33ED5AC} = {43498E62-13FE-57B6-802C-F4C1C33ED5AC}
		{DC39E6BD-F141-9390-BBEF-93527AC294B2} = {DC39E6BD-F141-9390-BBEF-93527AC294B2}
		{0276AC91-E71A-2E06-D356-697EEDCD3BA1} = {0276AC91-E71A-2E06-D356-697EEDCD3BA1}
	EndProjectSection
EndProject
Project("{8BC9CEB8-8B4A-11D0-8D11-00A0C91BC942}") = "ivp_physics", "..\ivp\ivp_workspaces_src\win32\ivp_physics_lib.vcxproj", "{3CF6D3B4-A854-4B2E-7084-54ACDB6E5D4A}"
EndProject
Project("{8BC9CEB8-8B4A-11D0-8D11-00A0C91BC942}") = "ivp_compactbuilder", "..\ivp\ivp_workspaces_src\win32\ivp_compactbuilder_lib.vcxproj", "{0B95FD46-49BC-87A3-B5F5-92302384A5BA}"
EndProject
Project("{8BC9CEB8-8B4A-11D0-8D11-00A0C91BC942}") = "vmpi", "..\utils\vmpi\vmpi.vcxproj", "{7F2559DD-556B-36E2-843B-95A25A4DCD99}"
	ProjectSection(ProjectDependencies) = postProject
		{DC39E6BD-F141-9390-BBEF-93527AC294B2} = {DC39E6BD-F141-9390-BBEF-93527AC294B2}
		{0276AC91-E71A-2E06-D356-697EEDCD3BA1} = {0276AC91-E71A-2E06-D356-697EEDCD3BA1}
	EndProjectSection
EndProject
Project("{8BC9CEB8-8B4A-11D0-8D11-00A0C91BC942}") = "vbspinfo", "..\utils\vbspinfo\vbspinfo.vcxproj", "{CAB37E96-24E2-30A2-49CB-B7AC134563B5}"
	ProjectSection(ProjectDependencies) = postProject
		{DC39E6BD-F141-9390-BBEF-93527AC294B2} = {DC39E6BD-F141-9390-BBEF-93527AC294B2}
		{0276AC91-E71A-2E06-D356-697EEDCD3BA1} = {0276AC91-E71A-2E06-D356-697EEDCD3BA1}
	EndProjectSection
EndProject
Project("{8BC9CEB8-8B4A-11D0-8D11-00A0C91BC942}") = "vbsp", "..\utils\vbsp\vbsp.vcxproj", "{44371D24-2706-DDAF-3503-49DE004AEFB6}"
	ProjectSection(ProjectDependencies) = postProject
		{DC39E6BD-F141-9390-BBEF-93527AC294B2} = {DC39E6BD-F141-9390-BBEF-93527AC294B2}
		{0276AC91-E71A-2E06-D356-697EEDCD3BA1} = {0276AC91-E71A-2E06-D356-697EEDCD3BA1}
		{3CAC60CB-9ABF-0381-E5F1-CE9EF0B0D851} = {3CAC60CB-9ABF-0381-E5F1-CE9EF0B0D851}
	EndProjectSection
EndProject
Project("{8BC9CEB8-8B4A-11D0-8D11-00A0C91BC942}") = "vrad", "..\utils\vrad\vrad.vcxproj", "{CF823E22-84D8-C956-D38A-35FC1038A08F}"
	ProjectSection(ProjectDependencies) = postProject
		{7F2559DD-556B-36E2-843B-95A25A4DCD99} = {7F2559DD-556B-36E2-843B-95A25A4DCD99}
		{DC39E6BD-F141-9390-BBEF-93527AC294B2} = {DC39E6BD-F141-9390-BBEF-93527AC294B2}
		{0276AC91-E71A-2E06-D356-697EEDCD3BA1} = {0276AC91-E71A-2E06-D356-697EEDCD3BA1}
		{3CAC60CB-9ABF-0381-E5F1-CE9EF0B0D851} = {3CAC60CB-9ABF-0381-E5F1-CE9EF0B0D851}
	EndProjectSection
EndProject
Project("{8BC9CEB8-8B4A-11D0-8D11-00A0C91BC942}") = "vrad_launcher", "..\utils\vrad_launcher\vrad_launcher.vcxproj", "{F1C592F7-83AB-612E-E3DB-C3CED3E045A7}"
	ProjectSection(ProjectDependencies) = postProject
		{DC39E6BD-F141-9390-BBEF-93527AC294B2} = {DC39E6BD-F141-9390-BBEF-93527AC294B2}
		{0276AC91-E71A-2E06-D356-697EEDCD3BA1} = {0276AC91-E71A-2E06-D356-697EEDCD3BA1}
	EndProjectSection
EndProject
Project("{8BC9CEB8-8B4A-11D0-8D11-00A0C91BC942}") = "vvis", "..\utils\vvis\vvis.vcxproj", "{80BD087A-E7E4-927E-E800-6E1CFE183560}"
	ProjectSection(ProjectDependencies) = postProject
		{7F2559DD-556B-36E2-843B-95A25A4DCD99} = {7F2559DD-556B-36E2-843B-95A25A4DCD99}
		{DC39E6BD-F141-9390-BBEF-93527AC294B2} = {DC39E6BD-F141-9390-BBEF-93527AC294B2}
		{0276AC91-E71A-2E06-D356-697EEDCD3BA1} = {0276AC91-E71A-2E06-D356-697EEDCD3BA1}
	EndProjectSection
EndProject
Project("{8BC9CEB8-8B4A-11D0-8D11-00A0C91BC942}") = "vvis_launcher", "..\utils\vvis_launcher\vvis_launcher.vcxproj", "{408C334D-3934-6B6C-6634-2A5E305B5976}"
	ProjectSection(ProjectDependencies) = postProject
		{DC39E6BD-F141-9390-BBEF-93527AC294B2} = {DC39E6BD-F141-9390-BBEF-93527AC294B2}
		{0276AC91-E71A-2E06-D356-697EEDCD3BA1} = {0276AC91-E71A-2E06-D356-697EEDCD3BA1}
	EndProjectSection
EndProject
Project("{8BC9CEB8-8B4A-11D0-8D11-00A0C91BC942}") = "nvtristriplib", "..\utils\nvtristriplib\nvtristriplib.vcxproj", "{B292278B-CAE7-19BC-A1DB-DA4FB4F89F9B}"
EndProject
Project("{8BC9CEB8-8B4A-11D0-8D11-00A0C91BC942}") = "studiomdl", "..\utils\studiomdl\studiomdl.vcxproj", "{901F6762-E6DD-17B7-90B0-7EC734AE733C}"
	ProjectSection(ProjectDependencies) = postProject
		{DC39E6BD-F141-9390-BBEF-93527AC294B2} = {DC39E6BD-F141-9390-BBEF-93527AC294B2}
		{B292278B-CAE7-19BC-A1DB-DA4FB4F89F9B} = {B292278B-CAE7-19BC-A1DB-DA4FB4F89F9B}
		{0276AC91-E71A-2E06-D356-697EEDCD3BA1} = {0276AC91-E71A-2E06-D356-697EEDCD3BA1}
		{1C98D7EF-08B1-A0EF-D2C0-5BD40532565E} = {1C98D7EF-08B1-A0EF-D2C0-5BD40532565E}
	EndProjectSection
EndProject
Project("{8BC9CEB8-8B4A-11D0-8D11-00A0C91BC942}") = "hlmv", "..\utils\hlmviewer\src\hlmv.vcxproj", "{5F05C4AD-9447-EFC2-DF3E-15F7130E282D}"
	ProjectSection(ProjectDependencies) = postProject
		{DE91F740-F5A5-FEDD-6C8E-78EB5B50FC38} = {DE91F740-F5A5-FEDD-6C8E-78EB5B50FC38}
		{DC39E6BD-F141-9390-BBEF-93527AC294B2} = {DC39E6BD-F141-9390-BBEF-93527AC294B2}
		{0276AC91-E71A-2E06-D356-697EEDCD3BA1} = {0276AC91-E71A-2E06-D356-697EEDCD3BA1}
		{1C98D7EF-08B1-A0EF-D2C0-5BD40532565E} = {1C98D7EF-08B1-A0EF-D2C0-5BD40532565E}
	EndProjectSection
EndProject
Project("{8BC9CEB8-8B4A-11D0-8D11-00A0C91BC942}") = "hlfaceposer", "..\utils\hlfaceposer\hlfaceposer.vcxproj", "{42423083-33A9-FC3E-B9F8-C5CA6F65ACC4}"
	ProjectSection(ProjectDependencies) = postProject
		{43498E62-13FE-57B6-802C-F4C1C33ED5AC} = {43498E62-13FE-57B6-802C-F4C1C33ED5AC}
		{DE91F740-F5A5-FEDD-6C8E-78EB5B50FC38} = {DE91F740-F5A5-FEDD-6C8E-78EB5B50FC38}
		{DC39E6BD-F141-9390-BBEF-93527AC294B2} = {DC39E6BD-F141-9390-BBEF-93527AC294B2}
		{83E9E360-8EA3-7120-04E3-DA26FD80354F} = {83E9E360-8EA3-7120-04E3-DA26FD80354F}
		{0276AC91-E71A-2E06-D356-697EEDCD3BA1} = {0276AC91-E71A-2E06-D356-697EEDCD3BA1}
		{6DA5BE47-467D-5D15-93FC-49247E2B3896} = {6DA5BE47-467D-5D15-93FC-49247E2B3896}
		{1C98D7EF-08B1-A0EF-D2C0-5BD40532565E} = {1C98D7EF-08B1-A0EF-D2C0-5BD40532565E}
	EndProjectSection
EndProject
Project("{8BC9CEB8-8B4A-11D0-8D11-00A0C91BC942}") = "scenemanager", "..\utils\scenemanager\scenemanager.vcxproj", "{DCE18E89-FE16-8FF1-5F48-B00F41AB3650}"
	ProjectSection(ProjectDependencies) = postProject
		{DE91F740-F5A5-FEDD-6C8E-78EB5B50FC38} = {DE91F740-F5A5-FEDD-6C8E-78EB5B50FC38}
		{DC39E6BD-F141-9390-BBEF-93527AC294B2} = {DC39E6BD-F141-9390-BBEF-93527AC294B2}
		{0276AC91-E71A-2E06-D356-697EEDCD3BA1} = {0276AC91-E71A-2E06-D356-697EEDCD3BA1}
		{1C98D7EF-08B1-A0EF-D2C0-5BD40532565E} = {1C98D7EF-08B1-A0EF-D2C0-5BD40532565E}
	EndProjectSection
EndProject
Project("{8BC9CEB8-8B4A-11D0-8D11-00A0C91BC942}") = "phonemeextractor", "..\utils\phonemeextractor\phonemeextractor.vcxproj", "{83E9E360-8EA3-7120-04E3-DA26FD80354F}"
EndProject
Project("{8BC9CEB8-8B4A-11D0-8D11-00A0C91BC942}") = "phonemeextractor_ims", "..\utils\phonemeextractor\phonemeextractor_ims.vcxproj", "{6DA5BE47-467D-5D15-93FC-49247E2B3896}"
EndProject
Project("{8BC9CEB8-8B4A-11D0-8D11-00A0C91BC942}") = "newdat", "..\utils\newdat\newdat.vcxproj", "{7D2182EE-72E3-4561-2676-044AAAE8732F}"
	ProjectSection(ProjectDependencies) = postProject
		{DC39E6BD-F141-9390-BBEF-93527AC294B2} = {DC39E6BD-F141-9390-BBEF-93527AC294B2}
		{0276AC91-E71A-2E06-D356-697EEDCD3BA1} = {0276AC91-E71A-2E06-D356-697EEDCD3BA1}
	EndProjectSection
EndProject
Project("{8BC9CEB8-8B4A-11D0-8D11-00A0C91BC942}") = "vtex", "..\utils\vtex\vtex.vcxproj", "{FB72E831-4BBB-EB8E-551B-582274AA5A2B}"
	ProjectSection(ProjectDependencies) = postProject
		{DC39E6BD-F141-9390-BBEF-93527AC294B2} = {DC39E6BD-F141-9390-BBEF-93527AC294B2}
		{0276AC91-E71A-2E06-D356-697EEDCD3BA1} = {0276AC91-E71A-2E06-D356-697EEDCD3BA1}
	EndProjectSection
EndProject
Project("{8BC9CEB8-8B4A-11D0-8D11-00A0C91BC942}") = "vtex_dll", "..\utils\vtex\vtex_dll.vcxproj", "{7E4B08B9-6F8F-7EE7-5169-E9A98510B80D}"
	ProjectSection(ProjectDependencies) = postProject
		{DC39E6BD-F141-9390-BBEF-93527AC294B2} = {DC39E6BD-F141-9390-BBEF-93527AC294B2}
		{0276AC91-E71A-2E06-D356-697EEDCD3BA1} = {0276AC91-E71A-2E06-D356-697EEDCD3BA1}
		{3CAC60CB-9ABF-0381-E5F1-CE9EF0B0D851} = {3CAC60CB-9ABF-0381-E5F1-CE9EF0B0D851}
	EndProjectSection
EndProject
Project("{8BC9CEB8-8B4A-11D0-8D11-00A0C91BC942}") = "unittest", "..\utils\unittest\unittest.vcxproj", "{22AC35F3-B841-202D-78B4-546228FBF92C}"
	ProjectSection(ProjectDependencies) = postProject
		{DC39E6BD-F141-9390-BBEF-93527AC294B2} = {DC39E6BD-F141-9390-BBEF-93527AC294B2}
		{0276AC91-E71A-2E06-D356-697EEDCD3BA1} = {0276AC91-E71A-2E06-D356-697EEDCD3BA1}
		{1C98D7EF-08B1-A0EF-D2C0-5BD40532565E} = {1C98D7EF-08B1-A0EF-D2C0-5BD40532565E}
		{45F96E47-CFEC-BFDB-F3AF-4AB7DCB2CA23} = {45F96E47-CFEC-BFDB-F3AF-4AB7DCB2CA23}
	EndProjectSection
EndProject
Project("{8BC9CEB8-8B4A-11D0-8D11-00A0C91BC942}") = "bsppack", "..\utils\bsppack\bsppack.vcxproj", "{27B8E2E3-9AE7-7E6D-F292-DAFC1D883AC2}"
	ProjectSection(ProjectDependencies) = postProject
		{DC39E6BD-F141-9390-BBEF-93527AC294B2} = {DC39E6BD-F141-9390-BBEF-93527AC294B2}
		{0276AC91-E71A-2E06-D356-697EEDCD3BA1} = {0276AC91-E71A-2E06-D356-697EEDCD3BA1}
	EndProjectSection
EndProject
Project("{8BC9CEB8-8B4A-11D0-8D11-00A0C91BC942}") = "bspzip", "..\utils\bspzip\bspzip.vcxproj", "{341F3237-085F-C684-9D59-884F27FD682C}"
	ProjectSection(ProjectDependencies) = postProject
		{DC39E6BD-F141-9390-BBEF-93527AC294B2} = {DC39E6BD-F141-9390-BBEF-93527AC294B2}
		{0276AC91-E71A-2E06-D356-697EEDCD3BA1} = {0276AC91-E71A-2E06-D356-697EEDCD3BA1}
	EndProjectSection
EndProject
Project("{8BC9CEB8-8B4A-11D0-8D11-00A0C91BC942}") = "height2normal", "..\utils\height2normal\height2normal.vcxproj", "{F95492F0-7A9D-4FA8-E60A-79CF700FC4BE}"
	ProjectSection(ProjectDependencies) = postProject
		{DC39E6BD-F141-9390-BBEF-93527AC294B2} = {DC39E6BD-F141-9390-BBEF-93527AC294B2}
		{0276AC91-E71A-2E06-D356-697EEDCD3BA1} = {0276AC91-E71A-2E06-D356-697EEDCD3BA1}
	EndProjectSection
EndProject
Project("{8BC9CEB8-8B4A-11D0-8D11-00A0C91BC942}") = "vtf2tga", "..\utils\vtf2tga\vtf2tga.vcxproj", "{7B003923-F185-6871-D2B0-CB8F390AE1CD}"
	ProjectSection(ProjectDependencies) = postProject
		{DC39E6BD-F141-9390-BBEF-93527AC294B2} = {DC39E6BD-F141-9390-BBEF-93527AC294B2}
		{0276AC91-E71A-2E06-D356-697EEDCD3BA1} = {0276AC91-E71A-2E06-D356-697EEDCD3BA1}
		{3CAC60CB-9ABF-0381-E5F1-CE9EF0B0D851} = {3CAC60CB-9ABF-0381-E5F1-CE9EF0B0D851}
	EndProjectSection
EndProject
Project("{8BC9CEB8-8B4A-11D0-8D11-00A0C91BC942}") = "bugreporter", "..\utils\bugreporter\bugreporter.vcxproj", "{3C2552DD-A9DB-6D1D-2959-810537C264A6}"
	ProjectSection(ProjectDependencies) = postProject
		{DC39E6BD-F141-9390-BBEF-93527AC294B2} = {DC39E6BD-F141-9390-BBEF-93527AC294B2}
		{0276AC91-E71A-2E06-D356-697EEDCD3BA1} = {0276AC91-E71A-2E06-D356-697EEDCD3BA1}
	EndProjectSection
EndProject
Project("{8BC9CEB8-8B4A-11D0-8D11-00A0C91BC942}") = "engine", "..\engine\engine.vcxproj", "{C2E2AC76-EDFF-DFB6-7B0F-E178D46018EA}"
	ProjectSection(ProjectDependencies) = postProject
		{43498E62-13FE-57B6-802C-F4C1C33ED5AC} = {43498E62-13FE-57B6-802C-F4C1C33ED5AC}
		{DC39E6BD-F141-9390-BBEF-93527AC294B2} = {DC39E6BD-F141-9390-BBEF-93527AC294B2}
		{0276AC91-E71A-2E06-D356-697EEDCD3BA1} = {0276AC91-E71A-2E06-D356-697EEDCD3BA1}
		{3CAC60CB-9ABF-0381-E5F1-CE9EF0B0D851} = {3CAC60CB-9ABF-0381-E5F1-CE9EF0B0D851}
		{1C98D7EF-08B1-A0EF-D2C0-5BD40532565E} = {1C98D7EF-08B1-A0EF-D2C0-5BD40532565E}
	EndProjectSection
EndProject
Project("{8BC9CEB8-8B4A-11D0-8D11-00A0C91BC942}") = "dedicated", "..\dedicated\dedicated.vcxproj", "{CC467F57-9F6C-076F-27E0-ECBDD1842599}"
	ProjectSection(ProjectDependencies) = postProject
		{43498E62-13FE-57B6-802C-F4C1C33ED5AC} = {43498E62-13FE-57B6-802C-F4C1C33ED5AC}
		{DC39E6BD-F141-9390-BBEF-93527AC294B2} = {DC39E6BD-F141-9390-BBEF-93527AC294B2}
		{0276AC91-E71A-2E06-D356-697EEDCD3BA1} = {0276AC91-E71A-2E06-D356-697EEDCD3BA1}
		{1C98D7EF-08B1-A0EF-D2C0-5BD40532565E} = {1C98D7EF-08B1-A0EF-D2C0-5BD40532565E}
	EndProjectSection
EndProject
Project("{8BC9CEB8-8B4A-11D0-8D11-00A0C91BC942}") = "worldcraft", "..\worldcraft\worldcraft.vcxproj", "{B3212295-172D-7022-4778-BF2C2A98CA0A}"
	ProjectSection(ProjectDependencies) = postProject
		{DC39E6BD-F141-9390-BBEF-93527AC294B2} = {DC39E6BD-F141-9390-BBEF-93527AC294B2}
		{0276AC91-E71A-2E06-D356-697EEDCD3BA1} = {0276AC91-E71A-2E06-D356-697EEDCD3BA1}
		{1C98D7EF-08B1-A0EF-D2C0-5BD40532565E} = {1C98D7EF-08B1-A0EF-D2C0-5BD40532565E}
	EndProjectSection
EndProject
Project("{8BC9CEB8-8B4A-11D0-8D11-00A0C91BC942}") = "hl_cstrike", "..\dlls\hl_cstrike.vcxproj", "{3349FA15-4B74-EE2D-2BA3-D8B4A058C8C9}"
	ProjectSection(ProjectDependencies) = postProject
		{43498E62-13FE-57B6-802C-F4C1C33ED5AC} = {43498E62-13FE-57B6-802C-F4C1C33ED5AC}
		{DC39E6BD-F141-9390-BBEF-93527AC294B2} = {DC39E6BD-F141-9390-BBEF-93527AC294B2}
		{0276AC91-E71A-2E06-D356-697EEDCD3BA1} = {0276AC91-E71A-2E06-D356-697EEDCD3BA1}
	EndProjectSection
EndProject
Project("{8BC9CEB8-8B4A-11D0-8D11-00A0C91BC942}") = "hl_hl1", "..\dlls\hl_hl1.vcxproj", "{8935E9CE-00EB-F308-5695-D2C9590FCC91}"
	ProjectSection(ProjectDependencies) = postProject
		{43498E62-13FE-57B6-802C-F4C1C33ED5AC} = {43498E62-13FE-57B6-802C-F4C1C33ED5AC}
		{DC39E6BD-F141-9390-BBEF-93527AC294B2} = {DC39E6BD-F141-9390-BBEF-93527AC294B2}
		{0276AC91-E71A-2E06-D356-697EEDCD3BA1} = {0276AC91-E71A-2E06-D356-697EEDCD3BA1}
	EndProjectSection
EndProject
Project("{8BC9CEB8-8B4A-11D0-8D11-00A0C91BC942}") = "hl_hl2", "..\dlls\hl_hl2.vcxproj", "{FA1F0169-47DC-B4F8-D110-D703B7FAF119}"
	ProjectSection(ProjectDependencies) = postProject
		{43498E62-13FE-57B6-802C-F4C1C33ED5AC} = {43498E62-13FE-57B6-802C-F4C1C33ED5AC}
		{DC39E6BD-F141-9390-BBEF-93527AC294B2} = {DC39E6BD-F141-9390-BBEF-93527AC294B2}
		{0276AC91-E71A-2E06-D356-697EEDCD3BA1} = {0276AC91-E71A-2E06-D356-697EEDCD3BA1}
	EndProjectSection
EndProject
Project("{8BC9CEB8-8B4A-11D0-8D11-00A0C91BC942}") = "hl_tf2", "..\dlls\hl_tf2.vcxproj", "{EEB0DAD8-D8CE-2D03-6611-23069D06A287}"
	ProjectSection(ProjectDependencies) = postProject
		{43498E62-13FE-57B6-802C-F4C1C33ED5AC} = {43498E62-13FE-57B6-802C-F4C1C33ED5AC}
		{DC39E6BD-F141-9390-BBEF-93527AC294B2} = {DC39E6BD-F141-9390-BBEF-93527AC294B2}
		{0276AC91-E71A-2E06-D356-697EEDCD3BA1} = {0276AC91-E71A-2E06-D356-697EEDCD3BA1}
	EndProjectSection
EndProject
Project("{8BC9CEB8-8B4A-11D0-8D11-00A0C91BC942}") = "client_cstrike", "..\cl_dll\client_cstrike.vcxproj", "{24A9DB88-4878-8AAE-844F-B8DD331FF9CE}"
	ProjectSection(ProjectDependencies) = postProject
		{43498E62-13FE-57B6-802C-F4C1C33ED5AC} = {43498E62-13FE-57B6-802C-F4C1C33ED5AC}
		{B4948041-188A-42D9-56EB-44DBB20EE8EA} = {B4948041-188A-42D9-56EB-44DBB20EE8EA}
		{DC39E6BD-F141-9390-BBEF-93527AC294B2} = {DC39E6BD-F141-9390-BBEF-93527AC294B2}
		{0276AC91-E71A-2E06-D356-697EEDCD3BA1} = {0276AC91-E71A-2E06-D356-697EEDCD3BA1}
	EndProjectSection
EndProject
Project("{8BC9CEB8-8B4A-11D0-8D11-00A0C91BC942}") = "client_hl1", "..\cl_dll\client_hl1.vcxproj", "{5418B8B9-C610-0E2B-24AF-FDD81AF0CC88}"
	ProjectSection(ProjectDependencies) = postProject
		{43498E62-13FE-57B6-802C-F4C1C33ED5AC} = {43498E62-13FE-57B6-802C-F4C1C33ED5AC}
		{DC39E6BD-F141-9390-BBEF-93527AC294B2} = {DC39E6BD-F141-9390-BBEF-93527AC294B2}
		{0276AC91-E71A-2E06-D356-697EEDCD3BA1} = {0276AC91-E71A-2E06-D356-697EEDCD3BA1}
	EndProjectSection
EndProject
Project("{8BC9CEB8-8B4A-11D0-8D11-00A0C91BC942}") = "client_hl2", "..\cl_dll\client_hl2.vcxproj", "{CA6118A3-F2FB-8E18-48B7-D448625D6BEA}"
EndProject
Project("{8BC9CEB8-8B4A-11D0-8D11-00A0C91BC942}") = "client_tf2", "..\cl_dll\client_tf2.vcxproj", "{277D036A-576D-FFB3-8A56-AD56A621A30D}"
	ProjectSection(ProjectDependencies) = postProject
		{43498E62-13FE-57B6-802C-F4C1C33ED5AC} = {43498E62-13FE-57B6-802C-F4C1C33ED5AC}
		{DC39E6BD-F141-9390-BBEF-93527AC294B2} = {DC39E6BD-F141-9390-BBEF-93527AC294B2}
		{0276AC91-E71A-2E06-D356-697EEDCD3BA1} = {0276AC91-E71A-2E06-D356-697EEDCD3BA1}
	EndProjectSection
EndProject
Project("{8BC9CEB8-8B4A-11D0-8D11-00A0C91BC942}") = "launcher", "..\launcher\launcher.vcxproj", "{42F5A480-61C9-9B8E-75DE-15F130837B98}"
	ProjectSection(ProjectDependencies) = postProject
		{DC39E6BD-F141-9390-BBEF-93527AC294B2} = {DC39E6BD-F141-9390-BBEF-93527AC294B2}
		{0276AC91-E71A-2E06-D356-697EEDCD3BA1} = {0276AC91-E71A-2E06-D356-697EEDCD3BA1}
		{1C98D7EF-08B1-A0EF-D2C0-5BD40532565E} = {1C98D7EF-08B1-A0EF-D2C0-5BD40532565E}
	EndProjectSection
EndProject
Project("{8BC9CEB8-8B4A-11D0-8D11-00A0C91BC942}") = "launcher_main", "..\launcher_main\launcher_main.vcxproj", "{C11EB1FB-81B1-09B2-7FDF-52DCB17343BB}"
	ProjectSection(ProjectDependencies) = postProject
		{7D2182EE-72E3-4561-2676-044AAAE8732F} = {7D2182EE-72E3-4561-2676-044AAAE8732F}
	EndProjectSection
EndProject
Project("{8BC9CEB8-8B4A-11D0-8D11-00A0C91BC942}") = "game_controls", "..\vgui2\game_controls\game_controls.vcxproj", "{B4948041-188A-42D9-56EB-44DBB20EE8EA}"
EndProject
Project("{2150E333-8FDC-42A3-9474-1A3956D46DE8}") = "Main Projects", "Main Projects", "{055C5E1A-D8C2-451C-BAB4-6D7D9E27C813}"
	ProjectSection(SolutionItems) = preProject
		..\..\bin\dxsupport.cfg = ..\..\bin\dxsupport.cfg
	EndProjectSection
EndProject
Project("{2150E333-8FDC-42A3-9474-1A3956D46DE8}") = "Side Projects", "Side Projects", "{F1FC333B-981E-4694-A5C5-FAAEA90927E5}"
EndProject
Project("{8BC9CEB8-8B4A-11D0-8D11-00A0C91BC942}") = "hlmaster", "..\master\hlmaster.vcxproj", "{85151847-B9C1-B731-0BCC-7872FE4DB759}"
EndProject
Project("{8BC9CEB8-8B4A-11D0-8D11-00A0C91BC942}") = "master_console", "..\master_console\master_console.vcxproj", "{A3C6FDB4-26FC-22B5-2BAF-A57DC0B73596}"
EndProject
Project("{8BC9CEB8-8B4A-11D0-8D11-00A0C91BC942}") = "Status", "..\status\Status.vcxproj", "{DAF88FC5-099B-98DB-8811-480169AB8E76}"
EndProject
Project("{2150E333-8FDC-42A3-9474-1A3956D46DE8}") = "HL2", "HL2", "{6BB2AE3C-22AA-47E0-9507-CC114C6BEF62}"
EndProject
Project("{2150E333-8FDC-42A3-9474-1A3956D46DE8}") = "TF2", "TF2", "{B3B59E8D-592E-4621-927B-2D7BECC44F19}"
EndProject
Project("{2150E333-8FDC-42A3-9474-1A3956D46DE8}") = "CounterStrike", "CounterStrike", "{B719359C-8566-4CE4-B325-B8D207C0849D}"
EndProject
Project("{2150E333-8FDC-42A3-9474-1A3956D46DE8}") = "HL1", "HL1", "{F1A0D6E5-9ACD-4D26-9148-B409EDC14DE3}"
EndProject
Project("{2150E333-8FDC-42A3-9474-1A3956D46DE8}") = "Utils", "Utils", "{28D880E2-1CFF-4383-9921-4CB61A1F660F}"
EndProject
Project("{2150E333-8FDC-42A3-9474-1A3956D46DE8}") = "Dependencies", "Dependencies", "{9598F263-B824-44AB-B166-7FA61DE574A4}"
EndProject
Project("{2150E333-8FDC-42A3-9474-1A3956D46DE8}") = "Physics", "Physics", "{6FFF9570-FF72-417A-97F9-129E2D54B5F0}"
EndProject
Project("{2150E333-8FDC-42A3-9474-1A3956D46DE8}") = "Games", "Games", "{F691EDA3-809C-4698-B538-F3090CC54765}"
EndProject
Project("{2150E333-8FDC-42A3-9474-1A3956D46DE8}") = "Engine Main", "Engine Main", "{6796142F-4AD3-491E-AC03-A53952903F0B}"
EndProject
Project("{2150E333-8FDC-42A3-9474-1A3956D46DE8}") = "Launcher", "Launcher", "{A4379DD4-DF30-474A-9B17-4508F885B3B6}"
EndProject
Project("{2150E333-8FDC-42A3-9474-1A3956D46DE8}") = "Shaders", "Shaders", "{B5A6D7FF-97D9-40F8-BD66-25B19169DDEF}"
EndProject
Project("{2150E333-8FDC-42A3-9474-1A3956D46DE8}") = "Games", "Games", "{28D35E23-32AF-42CB-8FAB-9F7473E7270E}"
EndProject
Project("{2150E333-8FDC-42A3-9474-1A3956D46DE8}") = "Tracker", "Tracker", "{ACC2543A-24AB-423B-9972-E001B240163C}"
EndProject
Project("{8BC9CEB8-8B4A-11D0-8D11-00A0C91BC942}") = "scratchpad3dviewer", "..\utils\scratchpad3dviewer\scratchpad3dviewer.vcxproj", "{8ABC5170-3C53-352F-627F-AC3E338E3F47}"
EndProject
Project("{8BC9CEB8-8B4A-11D0-8D11-00A0C91BC942}") = "cardstats", "..\utils\videocardstats\cardstats.vcxproj", "{A0182ED3-2970-08CB-4DD0-EB27A0A96EA4}"
EndProject
Project("{8BC9CEB8-8B4A-11D0-8D11-00A0C91BC942}") = "viewbump", "..\utils\viewbump\viewbump.vcxproj", "{48702129-BBFA-DE7F-0C07-CD88982D9D3A}"
EndProject
Project("{8BC9CEB8-8B4A-11D0-8D11-00A0C91BC942}") = "vmf_tweak", "..\utils\vmf_tweak\vmf_tweak.vcxproj", "{5301249C-A9E7-63FE-117E-553A54CDBA14}"
EndProject
Project("{8BC9CEB8-8B4A-11D0-8D11-00A0C91BC942}") = "vmapbuilder", "..\utils\vmapbuilder\vmapbuilder.vcxproj", "{128C98CA-7956-4D26-A458-C0E2394BAB2B}"
EndProject
Project("{8BC9CEB8-8B4A-11D0-8D11-00A0C91BC942}") = "fwatch", "..\utils\vmapbuilder\fwatch\fwatch.vcxproj", "{4B2B87EA-F9A8-266E-60A2-86E2E41A2376}"
EndProject
Project("{2150E333-8FDC-42A3-9474-1A3956D46DE8}") = "VMap Builder", "VMap Builder", "{10E89B79-3ED0-4A88-92DF-869FD09CEE3E}"
EndProject
Project("{8BC9CEB8-8B4A-11D0-8D11-00A0C91BC942}") = "entcount", "..\utils\entcount\entcount.vcxproj", "{DB43FBEF-7BAA-B6D5-6201-2F6269FCA6F0}"
EndProject
Project("{8BC9CEB8-8B4A-11D0-8D11-00A0C91BC942}") = "printbones", "..\utils\printbones\printbones.vcxproj", "{6C254F42-2A63-B4AC-A0BB-0CB0781844D9}"
EndProject
Project("{8BC9CEB8-8B4A-11D0-8D11-00A0C91BC942}") = "mysql++", "..\utils\mysql\mysql++.vcxproj", "{07B537E5-ABA8-4053-A97B-82A2AD8B76FE}"
EndProject
Project("{8BC9CEB8-8B4A-11D0-8D11-00A0C91BC942}") = "sqldb_mysql", "..\Tracker\sqldb_mysql\sqldb_mysql.vcxproj", "{A5750C8E-D5E0-C513-F0C2-DF66AB3B3257}"
	ProjectSection(ProjectDependencies) = postProject
		{07B537E5-ABA8-4053-A97B-82A2AD8B76FE} = {07B537E5-ABA8-4053-A97B-82A2AD8B76FE}
	EndProjectSection
EndProject
Project("{8BC9CEB8-8B4A-11D0-8D11-00A0C91BC942}") = "TrackerDBG", "..\Tracker\TrackerDBG\TrackerDBG.vcxproj", "{EF8DBE1F-A79B-96B4-9F77-B795AE70A158}"
	ProjectSection(ProjectDependencies) = postProject
		{DC39E6BD-F141-9390-BBEF-93527AC294B2} = {DC39E6BD-F141-9390-BBEF-93527AC294B2}
		{0276AC91-E71A-2E06-D356-697EEDCD3BA1} = {0276AC91-E71A-2E06-D356-697EEDCD3BA1}
	EndProjectSection
EndProject
Project("{8BC9CEB8-8B4A-11D0-8D11-00A0C91BC942}") = "TrackerServer", "..\Tracker\TrackerServer\TrackerServer.vcxproj", "{B23CFD2A-6652-2692-11AC-87D8AC461501}"
	ProjectSection(ProjectDependencies) = postProject
		{EF8DBE1F-A79B-96B4-9F77-B795AE70A158} = {EF8DBE1F-A79B-96B4-9F77-B795AE70A158}
		{DC39E6BD-F141-9390-BBEF-93527AC294B2} = {DC39E6BD-F141-9390-BBEF-93527AC294B2}
		{0276AC91-E71A-2E06-D356-697EEDCD3BA1} = {0276AC91-E71A-2E06-D356-697EEDCD3BA1}
		{9E0CCB4C-59E0-958D-B893-D8F7DC489159} = {9E0CCB4C-59E0-958D-B893-D8F7DC489159}
		{0DB7A215-FADA-2B02-7C4C-C6969E95619A} = {0DB7A215-FADA-2B02-7C4C-C6969E95619A}
	EndProjectSection
EndProject
Project("{8BC9CEB8-8B4A-11D0-8D11-00A0C91BC942}") = "TrackerSRV", "..\Tracker\TrackerSRV\TrackerSRV.vcxproj", "{0DB7A215-FADA-2B02-7C4C-C6969E95619A}"
	ProjectSection(ProjectDependencies) = postProject
		{A5750C8E-D5E0-C513-F0C2-DF66AB3B3257} = {A5750C8E-D5E0-C513-F0C2-DF66AB3B3257}
		{DC39E6BD-F141-9390-BBEF-93527AC294B2} = {DC39E6BD-F141-9390-BBEF-93527AC294B2}
		{0276AC91-E71A-2E06-D356-697EEDCD3BA1} = {0276AC91-E71A-2E06-D356-697EEDCD3BA1}
	EndProjectSection
EndProject
Project("{8BC9CEB8-8B4A-11D0-8D11-00A0C91BC942}") = "TrackerUI", "..\Tracker\TrackerUI\TrackerUI.vcxproj", "{AA6C8CA7-AEF0-284E-901C-E7660A98568A}"
	ProjectSection(ProjectDependencies) = postProject
		{DC39E6BD-F141-9390-BBEF-93527AC294B2} = {DC39E6BD-F141-9390-BBEF-93527AC294B2}
		{0276AC91-E71A-2E06-D356-697EEDCD3BA1} = {0276AC91-E71A-2E06-D356-697EEDCD3BA1}
		{9E0CCB4C-59E0-958D-B893-D8F7DC489159} = {9E0CCB4C-59E0-958D-B893-D8F7DC489159}
	EndProjectSection
EndProject
Project("{8BC9CEB8-8B4A-11D0-8D11-00A0C91BC942}") = "TrackerNET", "..\Tracker\TrackerNET\TrackerNET.vcxproj", "{9E0CCB4C-59E0-958D-B893-D8F7DC489159}"
	ProjectSection(ProjectDependencies) = postProject
		{DC39E6BD-F141-9390-BBEF-93527AC294B2} = {DC39E6BD-F141-9390-BBEF-93527AC294B2}
		{0276AC91-E71A-2E06-D356-697EEDCD3BA1} = {0276AC91-E71A-2E06-D356-697EEDCD3BA1}
	EndProjectSection
EndProject
Project("{8BC9CEB8-8B4A-11D0-8D11-00A0C91BC942}") = "ServerMonitor", "..\Tracker\ServerMonitor\ServerMonitor.vcxproj", "{329217DC-45B3-834C-96ED-4EF19F20F4CC}"
EndProject
Project("{8BC9CEB8-8B4A-11D0-8D11-00A0C91BC942}") = "hlds_gui", "..\Tracker\hlds_gui\hlds_gui.vcxproj", "{47283E7C-BA0D-9C55-D341-E288C9A419B4}"
EndProject
Project("{8BC9CEB8-8B4A-11D0-8D11-00A0C91BC942}") = "AdminServer", "..\Tracker\AdminServer\AdminServer.vcxproj", "{07567E80-8317-A41D-CA8D-62905D55969B}"
EndProject
Project("{8BC9CEB8-8B4A-11D0-8D11-00A0C91BC942}") = "Browser", "..\Tracker\Browser\Browser.vcxproj", "{6E4784C6-D53D-DA8D-61AA-B5FAB1C9D3D0}"
EndProject
Project("{2150E333-8FDC-42A3-9474-1A3956D46DE8}") = "VGUI", "VGUI", "{42F4C0F4-1B2C-4F90-9F8C-4DEF4171EE4C}"
EndProject
Project("{2150E333-8FDC-42A3-9474-1A3956D46DE8}") = "VMPI Tools", "VMPI Tools", "{5677EA47-EE14-4C84-AB7E-5A41EDB68295}"
EndProject
Project("{8BC9CEB8-8B4A-11D0-8D11-00A0C91BC942}") = "vmpi_service_ui", "..\utils\vmpi\vmpi_service_ui\vmpi_service_ui.vcxproj", "{8B910233-6EB1-9904-4C8D-63EBC84404CA}"
EndProject
Project("{2150E333-8FDC-42A3-9474-1A3956D46DE8}") = "Test Tools", "Test Tools", "{6AF6230E-192B-4588-B27A-18CE99C40282}"
EndProject
Project("{8BC9CEB8-8B4A-11D0-8D11-00A0C91BC942}") = "vmpi_service", "..\utils\vmpi\vmpi_service\vmpi_service.vcxproj", "{B7FC1E3B-A07C-BF67-0406-C6BA6D91EE84}"
EndProject
Project("{8BC9CEB8-8B4A-11D0-8D11-00A0C91BC942}") = "vmpi_browser_job_search", "..\utils\vmpi\vmpi_browser_job_search\vmpi_browser_job_search.vcxproj", "{6D87D4C8-31B1-3BC4-B582-3CF448121444}"
EndProject
Project("{8BC9CEB8-8B4A-11D0-8D11-00A0C91BC942}") = "vmpi_browser_job_watch", "..\utils\vmpi\vmpi_browser_job_watch\vmpi_browser_job_watch.vcxproj", "{4DE62468-207C-2583-B5EB-B08069458EC6}"
EndProject
Project("{8BC9CEB8-8B4A-11D0-8D11-00A0C91BC942}") = "vmpi_service_install", "..\utils\vmpi\vmpi_service_install\vmpi_service_install.vcxproj", "{9C025F31-FCA4-5E2F-542A-BF2DF121DB0F}"
EndProject
Project("{8BC9CEB8-8B4A-11D0-8D11-00A0C91BC942}") = "WaitAndRestart", "..\utils\vmpi\WaitAndRestart\WaitAndRestart.vcxproj", "{B289DF7E-F6BF-3510-67A8-F5AA89B5C13F}"
EndProject
Project("{8BC9CEB8-8B4A-11D0-8D11-00A0C91BC942}") = "vmpi_browser_services", "..\utils\vmpi\vmpi_browser_services\vmpi_browser_services.vcxproj", "{5DF0E639-2EF0-9012-EB24-F32105DC42BB}"
EndProject
Project("{8BC9CEB8-8B4A-11D0-8D11-00A0C91BC942}") = "MessageWatch", "..\utils\vmpi\MessageWatch\MessageWatch.vcxproj", "{BAA78F27-EB6E-D00B-9A2E-060A115B3EE0}"
EndProject
Project("{8BC9CEB8-8B4A-11D0-8D11-00A0C91BC942}") = "socket_stresstest", "..\utils\vmpi\socket_stresstest\socket_stresstest.vcxproj", "{0F13A47C-1CCA-A249-42E7-32BD956AAF96}"
EndProject
Project("{8BC9CEB8-8B4A-11D0-8D11-00A0C91BC942}") = "pingpong", "..\utils\vmpi\pingpong\pingpong.vcxproj", "{2633A215-F216-F5DE-B498-C2A2EBC179D1}"
EndProject
Project("{8BC9CEB8-8B4A-11D0-8D11-00A0C91BC942}") = "ThreadedTCPSocketTest", "..\utils\vmpi\ThreadedTCPSocketTest\ThreadedTCPSocketTest.vcxproj", "{6A1C092A-CEF3-255A-686D-FCA024FDB60B}"
EndProject
Project("{8BC9CEB8-8B4A-11D0-8D11-00A0C91BC942}") = "vmpi_ping", "..\utils\vmpi\vmpi_ping\vmpi_ping.vcxproj", "{3064F6D3-3808-F173-8CB8-9E175E2F2488}"
EndProject
Global
	GlobalSection(SolutionConfigurationPlatforms) = preSolution
		Debug|Win32 = Debug|Win32
		Release|Win32 = Release|Win32
		Template|Win32 = Template|Win32
	EndGlobalSection
	GlobalSection(ProjectConfigurationPlatforms) = postSolution
		{0276AC91-E71A-2E06-D356-697EEDCD3BA1}.Debug|Win32.ActiveCfg = Debug|Win32
		{0276AC91-E71A-2E06-D356-697EEDCD3BA1}.Debug|Win32.Build.0 = Debug|Win32
		{0276AC91-E71A-2E06-D356-697EEDCD3BA1}.Release|Win32.ActiveCfg = Release|Win32
		{0276AC91-E71A-2E06-D356-697EEDCD3BA1}.Release|Win32.Build.0 = Release|Win32
		{0276AC91-E71A-2E06-D356-697EEDCD3BA1}.Template|Win32.ActiveCfg = Release|Win32
		{0276AC91-E71A-2E06-D356-697EEDCD3BA1}.Template|Win32.Build.0 = Release|Win32
		{DC39E6BD-F141-9390-BBEF-93527AC294B2}.Debug|Win32.ActiveCfg = Debug|Win32
		{DC39E6BD-F141-9390-BBEF-93527AC294B2}.Debug|Win32.Build.0 = Debug|Win32
		{DC39E6BD-F141-9390-BBEF-93527AC294B2}.Release|Win32.ActiveCfg = Release|Win32
		{DC39E6BD-F141-9390-BBEF-93527AC294B2}.Release|Win32.Build.0 = Release|Win32
		{DC39E6BD-F141-9390-BBEF-93527AC294B2}.Template|Win32.ActiveCfg = Template|Win32
		{DC39E6BD-F141-9390-BBEF-93527AC294B2}.Template|Win32.Build.0 = Template|Win32
		{45F96E47-CFEC-BFDB-F3AF-4AB7DCB2CA23}.Debug|Win32.ActiveCfg = Debug|Win32
		{45F96E47-CFEC-BFDB-F3AF-4AB7DCB2CA23}.Debug|Win32.Build.0 = Debug|Win32
		{45F96E47-CFEC-BFDB-F3AF-4AB7DCB2CA23}.Release|Win32.ActiveCfg = Release|Win32
		{45F96E47-CFEC-BFDB-F3AF-4AB7DCB2CA23}.Release|Win32.Build.0 = Release|Win32
		{45F96E47-CFEC-BFDB-F3AF-4AB7DCB2CA23}.Template|Win32.ActiveCfg = Template|Win32
		{45F96E47-CFEC-BFDB-F3AF-4AB7DCB2CA23}.Template|Win32.Build.0 = Template|Win32
		{3CAC60CB-9ABF-0381-E5F1-CE9EF0B0D851}.Debug|Win32.ActiveCfg = Debug|Win32
		{3CAC60CB-9ABF-0381-E5F1-CE9EF0B0D851}.Debug|Win32.Build.0 = Debug|Win32
		{3CAC60CB-9ABF-0381-E5F1-CE9EF0B0D851}.Release|Win32.ActiveCfg = Release|Win32
		{3CAC60CB-9ABF-0381-E5F1-CE9EF0B0D851}.Release|Win32.Build.0 = Release|Win32
		{3CAC60CB-9ABF-0381-E5F1-CE9EF0B0D851}.Template|Win32.ActiveCfg = Template|Win32
		{3CAC60CB-9ABF-0381-E5F1-CE9EF0B0D851}.Template|Win32.Build.0 = Template|Win32
		{D2F97356-F601-B67E-9CA3-EB9B81FFD4DC}.Debug|Win32.ActiveCfg = Debug|Win32
		{D2F97356-F601-B67E-9CA3-EB9B81FFD4DC}.Debug|Win32.Build.0 = Debug|Win32
		{D2F97356-F601-B67E-9CA3-EB9B81FFD4DC}.Release|Win32.ActiveCfg = Release|Win32
		{D2F97356-F601-B67E-9CA3-EB9B81FFD4DC}.Release|Win32.Build.0 = Release|Win32
		{D2F97356-F601-B67E-9CA3-EB9B81FFD4DC}.Template|Win32.ActiveCfg = Template|Win32
		{D2F97356-F601-B67E-9CA3-EB9B81FFD4DC}.Template|Win32.Build.0 = Template|Win32
		{2C4E2A1C-1A63-3B90-508E-021B371A2AFF}.Debug|Win32.ActiveCfg = Debug|Win32
		{2C4E2A1C-1A63-3B90-508E-021B371A2AFF}.Debug|Win32.Build.0 = Debug|Win32
		{2C4E2A1C-1A63-3B90-508E-021B371A2AFF}.Release|Win32.ActiveCfg = Release|Win32
		{2C4E2A1C-1A63-3B90-508E-021B371A2AFF}.Release|Win32.Build.0 = Release|Win32
		{2C4E2A1C-1A63-3B90-508E-021B371A2AFF}.Template|Win32.ActiveCfg = Template|Win32
		{2C4E2A1C-1A63-3B90-508E-021B371A2AFF}.Template|Win32.Build.0 = Template|Win32
		{EAEB37A5-7158-BFB3-83D2-6E1D8CFEB2EF}.Debug|Win32.ActiveCfg = Debug|Win32
		{EAEB37A5-7158-BFB3-83D2-6E1D8CFEB2EF}.Debug|Win32.Build.0 = Debug|Win32
		{EAEB37A5-7158-BFB3-83D2-6E1D8CFEB2EF}.Release|Win32.ActiveCfg = Release|Win32
		{EAEB37A5-7158-BFB3-83D2-6E1D8CFEB2EF}.Release|Win32.Build.0 = Release|Win32
		{EAEB37A5-7158-BFB3-83D2-6E1D8CFEB2EF}.Template|Win32.ActiveCfg = Template|Win32
		{EAEB37A5-7158-BFB3-83D2-6E1D8CFEB2EF}.Template|Win32.Build.0 = Template|Win32
		{20E5D14A-525A-3272-3DE2-07E303955EC3}.Debug|Win32.ActiveCfg = Debug|Win32
		{20E5D14A-525A-3272-3DE2-07E303955EC3}.Debug|Win32.Build.0 = Debug|Win32
		{20E5D14A-525A-3272-3DE2-07E303955EC3}.Release|Win32.ActiveCfg = Release|Win32
		{20E5D14A-525A-3272-3DE2-07E303955EC3}.Release|Win32.Build.0 = Release|Win32
		{20E5D14A-525A-3272-3DE2-07E303955EC3}.Template|Win32.ActiveCfg = Template|Win32
		{20E5D14A-525A-3272-3DE2-07E303955EC3}.Template|Win32.Build.0 = Template|Win32
		{60200D53-CE38-231C-17E6-69F8E8CF5E28}.Debug|Win32.ActiveCfg = Debug|Win32
		{60200D53-CE38-231C-17E6-69F8E8CF5E28}.Debug|Win32.Build.0 = Debug|Win32
		{60200D53-CE38-231C-17E6-69F8E8CF5E28}.Release|Win32.ActiveCfg = Release|Win32
		{60200D53-CE38-231C-17E6-69F8E8CF5E28}.Release|Win32.Build.0 = Release|Win32
		{60200D53-CE38-231C-17E6-69F8E8CF5E28}.Template|Win32.ActiveCfg = Template|Win32
		{60200D53-CE38-231C-17E6-69F8E8CF5E28}.Template|Win32.Build.0 = Template|Win32
		{4F85B52B-79AE-7DF3-6AB8-80D72C51C72D}.Debug|Win32.ActiveCfg = Debug|Win32
		{4F85B52B-79AE-7DF3-6AB8-80D72C51C72D}.Debug|Win32.Build.0 = Debug|Win32
		{4F85B52B-79AE-7DF3-6AB8-80D72C51C72D}.Release|Win32.ActiveCfg = Release|Win32
		{4F85B52B-79AE-7DF3-6AB8-80D72C51C72D}.Release|Win32.Build.0 = Release|Win32
		{4F85B52B-79AE-7DF3-6AB8-80D72C51C72D}.Template|Win32.ActiveCfg = Template|Win32
		{4F85B52B-79AE-7DF3-6AB8-80D72C51C72D}.Template|Win32.Build.0 = Template|Win32
		{39D30BE6-2F43-692A-4EFE-FEA2524362CE}.Debug|Win32.ActiveCfg = Debug|Win32
		{39D30BE6-2F43-692A-4EFE-FEA2524362CE}.Debug|Win32.Build.0 = Debug|Win32
		{39D30BE6-2F43-692A-4EFE-FEA2524362CE}.Release|Win32.ActiveCfg = Release|Win32
		{39D30BE6-2F43-692A-4EFE-FEA2524362CE}.Release|Win32.Build.0 = Release|Win32
		{39D30BE6-2F43-692A-4EFE-FEA2524362CE}.Template|Win32.ActiveCfg = Template|Win32
		{39D30BE6-2F43-692A-4EFE-FEA2524362CE}.Template|Win32.Build.0 = Template|Win32
		{633B2258-A151-4683-4033-14766ACCDBAC}.Debug|Win32.ActiveCfg = Debug|Win32
		{633B2258-A151-4683-4033-14766ACCDBAC}.Debug|Win32.Build.0 = Debug|Win32
		{633B2258-A151-4683-4033-14766ACCDBAC}.Release|Win32.ActiveCfg = Release|Win32
		{633B2258-A151-4683-4033-14766ACCDBAC}.Release|Win32.Build.0 = Release|Win32
		{633B2258-A151-4683-4033-14766ACCDBAC}.Template|Win32.ActiveCfg = Template|Win32
		{633B2258-A151-4683-4033-14766ACCDBAC}.Template|Win32.Build.0 = Template|Win32
		{87CC69A5-F20F-E80E-410C-A527E49A2F05}.Debug|Win32.ActiveCfg = Debug|Win32
		{87CC69A5-F20F-E80E-410C-A527E49A2F05}.Debug|Win32.Build.0 = Debug|Win32
		{87CC69A5-F20F-E80E-410C-A527E49A2F05}.Release|Win32.ActiveCfg = Release|Win32
		{87CC69A5-F20F-E80E-410C-A527E49A2F05}.Release|Win32.Build.0 = Release|Win32
		{87CC69A5-F20F-E80E-410C-A527E49A2F05}.Template|Win32.ActiveCfg = Template|Win32
		{87CC69A5-F20F-E80E-410C-A527E49A2F05}.Template|Win32.Build.0 = Template|Win32
		{D728E835-2DE2-C1F8-6301-FB8B7FF5284E}.Debug|Win32.ActiveCfg = Debug|Win32
		{D728E835-2DE2-C1F8-6301-FB8B7FF5284E}.Debug|Win32.Build.0 = Debug|Win32
		{D728E835-2DE2-C1F8-6301-FB8B7FF5284E}.Release|Win32.ActiveCfg = Release|Win32
		{D728E835-2DE2-C1F8-6301-FB8B7FF5284E}.Release|Win32.Build.0 = Release|Win32
		{D728E835-2DE2-C1F8-6301-FB8B7FF5284E}.Template|Win32.ActiveCfg = Template|Win32
		{D728E835-2DE2-C1F8-6301-FB8B7FF5284E}.Template|Win32.Build.0 = Template|Win32
		{9D8226BD-F136-70EB-D951-20EEED3BD1EE}.Debug|Win32.ActiveCfg = Debug|Win32
		{9D8226BD-F136-70EB-D951-20EEED3BD1EE}.Debug|Win32.Build.0 = Debug|Win32
		{9D8226BD-F136-70EB-D951-20EEED3BD1EE}.Release|Win32.ActiveCfg = Release|Win32
		{9D8226BD-F136-70EB-D951-20EEED3BD1EE}.Release|Win32.Build.0 = Release|Win32
		{9D8226BD-F136-70EB-D951-20EEED3BD1EE}.Template|Win32.ActiveCfg = Template|Win32
		{9D8226BD-F136-70EB-D951-20EEED3BD1EE}.Template|Win32.Build.0 = Template|Win32
		{15D100AE-75B7-560B-A508-FEB5135F9253}.Debug|Win32.ActiveCfg = Debug|Win32
		{15D100AE-75B7-560B-A508-FEB5135F9253}.Debug|Win32.Build.0 = Debug|Win32
		{15D100AE-75B7-560B-A508-FEB5135F9253}.Release|Win32.ActiveCfg = Release|Win32
		{15D100AE-75B7-560B-A508-FEB5135F9253}.Release|Win32.Build.0 = Release|Win32
		{15D100AE-75B7-560B-A508-FEB5135F9253}.Template|Win32.ActiveCfg = Template|Win32
		{15D100AE-75B7-560B-A508-FEB5135F9253}.Template|Win32.Build.0 = Template|Win32
		{F58BCD35-C982-5CAC-F2D5-1AC8E2369685}.Debug|Win32.ActiveCfg = Debug|Win32
		{F58BCD35-C982-5CAC-F2D5-1AC8E2369685}.Debug|Win32.Build.0 = Debug|Win32
		{F58BCD35-C982-5CAC-F2D5-1AC8E2369685}.Release|Win32.ActiveCfg = Release|Win32
		{F58BCD35-C982-5CAC-F2D5-1AC8E2369685}.Release|Win32.Build.0 = Release|Win32
		{F58BCD35-C982-5CAC-F2D5-1AC8E2369685}.Template|Win32.ActiveCfg = Template|Win32
		{F58BCD35-C982-5CAC-F2D5-1AC8E2369685}.Template|Win32.Build.0 = Template|Win32
		{DE91F740-F5A5-FEDD-6C8E-78EB5B50FC38}.Debug|Win32.ActiveCfg = Debug|Win32
		{DE91F740-F5A5-FEDD-6C8E-78EB5B50FC38}.Debug|Win32.Build.0 = Debug|Win32
		{DE91F740-F5A5-FEDD-6C8E-78EB5B50FC38}.Release|Win32.ActiveCfg = Release|Win32
		{DE91F740-F5A5-FEDD-6C8E-78EB5B50FC38}.Release|Win32.Build.0 = Release|Win32
		{DE91F740-F5A5-FEDD-6C8E-78EB5B50FC38}.Template|Win32.ActiveCfg = Template|Win32
		{DE91F740-F5A5-FEDD-6C8E-78EB5B50FC38}.Template|Win32.Build.0 = Template|Win32
		{AC064134-8CB9-366C-45D2-147C040FC7DB}.Debug|Win32.ActiveCfg = Debug|Win32
		{AC064134-8CB9-366C-45D2-147C040FC7DB}.Debug|Win32.Build.0 = Debug|Win32
		{AC064134-8CB9-366C-45D2-147C040FC7DB}.Release|Win32.ActiveCfg = Release|Win32
		{AC064134-8CB9-366C-45D2-147C040FC7DB}.Release|Win32.Build.0 = Release|Win32
		{AC064134-8CB9-366C-45D2-147C040FC7DB}.Template|Win32.ActiveCfg = Template|Win32
		{AC064134-8CB9-366C-45D2-147C040FC7DB}.Template|Win32.Build.0 = Template|Win32
		{5FC2D6BC-291F-7A15-4240-47D92EBEF04F}.Debug|Win32.ActiveCfg = Debug|Win32
		{5FC2D6BC-291F-7A15-4240-47D92EBEF04F}.Debug|Win32.Build.0 = Debug|Win32
		{5FC2D6BC-291F-7A15-4240-47D92EBEF04F}.Release|Win32.ActiveCfg = Release|Win32
		{5FC2D6BC-291F-7A15-4240-47D92EBEF04F}.Release|Win32.Build.0 = Release|Win32
		{5FC2D6BC-291F-7A15-4240-47D92EBEF04F}.Template|Win32.ActiveCfg = Template|Win32
		{5FC2D6BC-291F-7A15-4240-47D92EBEF04F}.Template|Win32.Build.0 = Template|Win32
		{43498E62-13FE-57B6-802C-F4C1C33ED5AC}.Debug|Win32.ActiveCfg = Debug|Win32
		{43498E62-13FE-57B6-802C-F4C1C33ED5AC}.Debug|Win32.Build.0 = Debug|Win32
		{43498E62-13FE-57B6-802C-F4C1C33ED5AC}.Release|Win32.ActiveCfg = Release|Win32
		{43498E62-13FE-57B6-802C-F4C1C33ED5AC}.Release|Win32.Build.0 = Release|Win32
		{43498E62-13FE-57B6-802C-F4C1C33ED5AC}.Template|Win32.ActiveCfg = Template|Win32
		{43498E62-13FE-57B6-802C-F4C1C33ED5AC}.Template|Win32.Build.0 = Template|Win32
		{F549FEA0-03A5-9BC0-E7D9-D05249B7445A}.Debug|Win32.ActiveCfg = Debug|Win32
		{F549FEA0-03A5-9BC0-E7D9-D05249B7445A}.Debug|Win32.Build.0 = Debug|Win32
		{F549FEA0-03A5-9BC0-E7D9-D05249B7445A}.Release|Win32.ActiveCfg = Release|Win32
		{F549FEA0-03A5-9BC0-E7D9-D05249B7445A}.Release|Win32.Build.0 = Release|Win32
		{F549FEA0-03A5-9BC0-E7D9-D05249B7445A}.Template|Win32.ActiveCfg = Template|Win32
		{F549FEA0-03A5-9BC0-E7D9-D05249B7445A}.Template|Win32.Build.0 = Template|Win32
		{795AC7FF-B49A-845F-4B99-7A50058D930C}.Debug|Win32.ActiveCfg = Debug|Win32
		{795AC7FF-B49A-845F-4B99-7A50058D930C}.Debug|Win32.Build.0 = Debug|Win32
		{795AC7FF-B49A-845F-4B99-7A50058D930C}.Release|Win32.ActiveCfg = Release|Win32
		{795AC7FF-B49A-845F-4B99-7A50058D930C}.Release|Win32.Build.0 = Release|Win32
		{795AC7FF-B49A-845F-4B99-7A50058D930C}.Template|Win32.ActiveCfg = Template|Win32
		{795AC7FF-B49A-845F-4B99-7A50058D930C}.Template|Win32.Build.0 = Template|Win32
		{9723869D-792F-FF6D-F3BF-C06BCE93C357}.Debug|Win32.ActiveCfg = Debug|Win32
		{9723869D-792F-FF6D-F3BF-C06BCE93C357}.Debug|Win32.Build.0 = Debug|Win32
		{9723869D-792F-FF6D-F3BF-C06BCE93C357}.Release|Win32.ActiveCfg = Release|Win32
		{9723869D-792F-FF6D-F3BF-C06BCE93C357}.Release|Win32.Build.0 = Release|Win32
		{9723869D-792F-FF6D-F3BF-C06BCE93C357}.Template|Win32.ActiveCfg = Template|Win32
		{9723869D-792F-FF6D-F3BF-C06BCE93C357}.Template|Win32.Build.0 = Template|Win32
		{CF2DAD12-9032-842C-4534-6424659670AF}.Debug|Win32.ActiveCfg = Debug|Win32
		{CF2DAD12-9032-842C-4534-6424659670AF}.Debug|Win32.Build.0 = Debug|Win32
		{CF2DAD12-9032-842C-4534-6424659670AF}.Release|Win32.ActiveCfg = Release|Win32
		{CF2DAD12-9032-842C-4534-6424659670AF}.Release|Win32.Build.0 = Release|Win32
		{CF2DAD12-9032-842C-4534-6424659670AF}.Template|Win32.ActiveCfg = Template|Win32
		{CF2DAD12-9032-842C-4534-6424659670AF}.Template|Win32.Build.0 = Template|Win32
		{1C98D7EF-08B1-A0EF-D2C0-5BD40532565E}.Debug|Win32.ActiveCfg = Debug|Win32
		{1C98D7EF-08B1-A0EF-D2C0-5BD40532565E}.Debug|Win32.Build.0 = Debug|Win32
		{1C98D7EF-08B1-A0EF-D2C0-5BD40532565E}.Release|Win32.ActiveCfg = Release|Win32
		{1C98D7EF-08B1-A0EF-D2C0-5BD40532565E}.Release|Win32.Build.0 = Release|Win32
		{1C98D7EF-08B1-A0EF-D2C0-5BD40532565E}.Template|Win32.ActiveCfg = Template|Win32
		{1C98D7EF-08B1-A0EF-D2C0-5BD40532565E}.Template|Win32.Build.0 = Template|Win32
		{0AD8E877-FDDC-C8A6-BB05-2BF3839D661E}.Debug|Win32.ActiveCfg = Debug|Win32
		{0AD8E877-FDDC-C8A6-BB05-2BF3839D661E}.Debug|Win32.Build.0 = Debug|Win32
		{0AD8E877-FDDC-C8A6-BB05-2BF3839D661E}.Release|Win32.ActiveCfg = Release|Win32
		{0AD8E877-FDDC-C8A6-BB05-2BF3839D661E}.Release|Win32.Build.0 = Release|Win32
		{0AD8E877-FDDC-C8A6-BB05-2BF3839D661E}.Template|Win32.ActiveCfg = Template|Win32
		{0AD8E877-FDDC-C8A6-BB05-2BF3839D661E}.Template|Win32.Build.0 = Template|Win32
		{0F74FD40-76FB-51A1-ECE6-8D83D06FA407}.Debug|Win32.ActiveCfg = Debug|Win32
		{0F74FD40-76FB-51A1-ECE6-8D83D06FA407}.Debug|Win32.Build.0 = Debug|Win32
		{0F74FD40-76FB-51A1-ECE6-8D83D06FA407}.Release|Win32.ActiveCfg = Release|Win32
		{0F74FD40-76FB-51A1-ECE6-8D83D06FA407}.Release|Win32.Build.0 = Release|Win32
		{0F74FD40-76FB-51A1-ECE6-8D83D06FA407}.Template|Win32.ActiveCfg = Template|Win32
		{0F74FD40-76FB-51A1-ECE6-8D83D06FA407}.Template|Win32.Build.0 = Template|Win32
		{8DCB4F7D-A7B5-DB8A-8518-537AC67740FB}.Debug|Win32.ActiveCfg = Debug|Win32
		{8DCB4F7D-A7B5-DB8A-8518-537AC67740FB}.Debug|Win32.Build.0 = Debug|Win32
		{8DCB4F7D-A7B5-DB8A-8518-537AC67740FB}.Release|Win32.ActiveCfg = Release|Win32
		{8DCB4F7D-A7B5-DB8A-8518-537AC67740FB}.Release|Win32.Build.0 = Release|Win32
		{8DCB4F7D-A7B5-DB8A-8518-537AC67740FB}.Template|Win32.ActiveCfg = Template|Win32
		{8DCB4F7D-A7B5-DB8A-8518-537AC67740FB}.Template|Win32.Build.0 = Template|Win32
		{C8C3FE7B-B7F2-8F91-2048-E452F9C5AA83}.Debug|Win32.ActiveCfg = Debug|Win32
		{C8C3FE7B-B7F2-8F91-2048-E452F9C5AA83}.Debug|Win32.Build.0 = Debug|Win32
		{C8C3FE7B-B7F2-8F91-2048-E452F9C5AA83}.Release|Win32.ActiveCfg = Release|Win32
		{C8C3FE7B-B7F2-8F91-2048-E452F9C5AA83}.Release|Win32.Build.0 = Release|Win32
		{C8C3FE7B-B7F2-8F91-2048-E452F9C5AA83}.Template|Win32.ActiveCfg = Template|Win32
		{C8C3FE7B-B7F2-8F91-2048-E452F9C5AA83}.Template|Win32.Build.0 = Template|Win32
		{3CF6D3B4-A854-4B2E-7084-54ACDB6E5D4A}.Debug|Win32.ActiveCfg = Debug|Win32
		{3CF6D3B4-A854-4B2E-7084-54ACDB6E5D4A}.Debug|Win32.Build.0 = Debug|Win32
		{3CF6D3B4-A854-4B2E-7084-54ACDB6E5D4A}.Release|Win32.ActiveCfg = Release|Win32
		{3CF6D3B4-A854-4B2E-7084-54ACDB6E5D4A}.Release|Win32.Build.0 = Release|Win32
		{3CF6D3B4-A854-4B2E-7084-54ACDB6E5D4A}.Template|Win32.ActiveCfg = Release|Win32
		{3CF6D3B4-A854-4B2E-7084-54ACDB6E5D4A}.Template|Win32.Build.0 = Release|Win32
		{0B95FD46-49BC-87A3-B5F5-92302384A5BA}.Debug|Win32.ActiveCfg = Debug|Win32
		{0B95FD46-49BC-87A3-B5F5-92302384A5BA}.Debug|Win32.Build.0 = Debug|Win32
		{0B95FD46-49BC-87A3-B5F5-92302384A5BA}.Release|Win32.ActiveCfg = Release|Win32
		{0B95FD46-49BC-87A3-B5F5-92302384A5BA}.Release|Win32.Build.0 = Release|Win32
		{0B95FD46-49BC-87A3-B5F5-92302384A5BA}.Template|Win32.ActiveCfg = Template|Win32
		{0B95FD46-49BC-87A3-B5F5-92302384A5BA}.Template|Win32.Build.0 = Template|Win32
		{7F2559DD-556B-36E2-843B-95A25A4DCD99}.Debug|Win32.ActiveCfg = Debug|Win32
		{7F2559DD-556B-36E2-843B-95A25A4DCD99}.Debug|Win32.Build.0 = Debug|Win32
		{7F2559DD-556B-36E2-843B-95A25A4DCD99}.Release|Win32.ActiveCfg = Release|Win32
		{7F2559DD-556B-36E2-843B-95A25A4DCD99}.Release|Win32.Build.0 = Release|Win32
		{7F2559DD-556B-36E2-843B-95A25A4DCD99}.Template|Win32.ActiveCfg = Release|Win32
		{7F2559DD-556B-36E2-843B-95A25A4DCD99}.Template|Win32.Build.0 = Release|Win32
		{CAB37E96-24E2-30A2-49CB-B7AC134563B5}.Debug|Win32.ActiveCfg = Debug|Win32
		{CAB37E96-24E2-30A2-49CB-B7AC134563B5}.Debug|Win32.Build.0 = Debug|Win32
		{CAB37E96-24E2-30A2-49CB-B7AC134563B5}.Release|Win32.ActiveCfg = Release|Win32
		{CAB37E96-24E2-30A2-49CB-B7AC134563B5}.Release|Win32.Build.0 = Release|Win32
		{CAB37E96-24E2-30A2-49CB-B7AC134563B5}.Template|Win32.ActiveCfg = Template|Win32
		{CAB37E96-24E2-30A2-49CB-B7AC134563B5}.Template|Win32.Build.0 = Template|Win32
		{44371D24-2706-DDAF-3503-49DE004AEFB6}.Debug|Win32.ActiveCfg = Debug|Win32
		{44371D24-2706-DDAF-3503-49DE004AEFB6}.Debug|Win32.Build.0 = Debug|Win32
		{44371D24-2706-DDAF-3503-49DE004AEFB6}.Release|Win32.ActiveCfg = Release|Win32
		{44371D24-2706-DDAF-3503-49DE004AEFB6}.Release|Win32.Build.0 = Release|Win32
		{44371D24-2706-DDAF-3503-49DE004AEFB6}.Template|Win32.ActiveCfg = Template|Win32
		{44371D24-2706-DDAF-3503-49DE004AEFB6}.Template|Win32.Build.0 = Template|Win32
		{CF823E22-84D8-C956-D38A-35FC1038A08F}.Debug|Win32.ActiveCfg = Debug|Win32
		{CF823E22-84D8-C956-D38A-35FC1038A08F}.Debug|Win32.Build.0 = Debug|Win32
		{CF823E22-84D8-C956-D38A-35FC1038A08F}.Release|Win32.ActiveCfg = Release|Win32
		{CF823E22-84D8-C956-D38A-35FC1038A08F}.Release|Win32.Build.0 = Release|Win32
		{CF823E22-84D8-C956-D38A-35FC1038A08F}.Template|Win32.ActiveCfg = Template|Win32
		{CF823E22-84D8-C956-D38A-35FC1038A08F}.Template|Win32.Build.0 = Template|Win32
		{F1C592F7-83AB-612E-E3DB-C3CED3E045A7}.Debug|Win32.ActiveCfg = Debug|Win32
		{F1C592F7-83AB-612E-E3DB-C3CED3E045A7}.Debug|Win32.Build.0 = Debug|Win32
		{F1C592F7-83AB-612E-E3DB-C3CED3E045A7}.Release|Win32.ActiveCfg = Release|Win32
		{F1C592F7-83AB-612E-E3DB-C3CED3E045A7}.Release|Win32.Build.0 = Release|Win32
		{F1C592F7-83AB-612E-E3DB-C3CED3E045A7}.Template|Win32.ActiveCfg = Template|Win32
		{F1C592F7-83AB-612E-E3DB-C3CED3E045A7}.Template|Win32.Build.0 = Template|Win32
		{80BD087A-E7E4-927E-E800-6E1CFE183560}.Debug|Win32.ActiveCfg = Debug|Win32
		{80BD087A-E7E4-927E-E800-6E1CFE183560}.Debug|Win32.Build.0 = Debug|Win32
		{80BD087A-E7E4-927E-E800-6E1CFE183560}.Release|Win32.ActiveCfg = Release|Win32
		{80BD087A-E7E4-927E-E800-6E1CFE183560}.Release|Win32.Build.0 = Release|Win32
		{80BD087A-E7E4-927E-E800-6E1CFE183560}.Template|Win32.ActiveCfg = Template|Win32
		{80BD087A-E7E4-927E-E800-6E1CFE183560}.Template|Win32.Build.0 = Template|Win32
		{408C334D-3934-6B6C-6634-2A5E305B5976}.Debug|Win32.ActiveCfg = Debug|Win32
		{408C334D-3934-6B6C-6634-2A5E305B5976}.Debug|Win32.Build.0 = Debug|Win32
		{408C334D-3934-6B6C-6634-2A5E305B5976}.Release|Win32.ActiveCfg = Release|Win32
		{408C334D-3934-6B6C-6634-2A5E305B5976}.Release|Win32.Build.0 = Release|Win32
		{408C334D-3934-6B6C-6634-2A5E305B5976}.Template|Win32.ActiveCfg = Template|Win32
		{408C334D-3934-6B6C-6634-2A5E305B5976}.Template|Win32.Build.0 = Template|Win32
		{B292278B-CAE7-19BC-A1DB-DA4FB4F89F9B}.Debug|Win32.ActiveCfg = Debug|Win32
		{B292278B-CAE7-19BC-A1DB-DA4FB4F89F9B}.Debug|Win32.Build.0 = Debug|Win32
		{B292278B-CAE7-19BC-A1DB-DA4FB4F89F9B}.Release|Win32.ActiveCfg = Release|Win32
		{B292278B-CAE7-19BC-A1DB-DA4FB4F89F9B}.Release|Win32.Build.0 = Release|Win32
		{B292278B-CAE7-19BC-A1DB-DA4FB4F89F9B}.Template|Win32.ActiveCfg = Template|Win32
		{B292278B-CAE7-19BC-A1DB-DA4FB4F89F9B}.Template|Win32.Build.0 = Template|Win32
		{901F6762-E6DD-17B7-90B0-7EC734AE733C}.Debug|Win32.ActiveCfg = Debug|Win32
		{901F6762-E6DD-17B7-90B0-7EC734AE733C}.Debug|Win32.Build.0 = Debug|Win32
		{901F6762-E6DD-17B7-90B0-7EC734AE733C}.Release|Win32.ActiveCfg = Release|Win32
		{901F6762-E6DD-17B7-90B0-7EC734AE733C}.Release|Win32.Build.0 = Release|Win32
		{901F6762-E6DD-17B7-90B0-7EC734AE733C}.Template|Win32.ActiveCfg = Template|Win32
		{901F6762-E6DD-17B7-90B0-7EC734AE733C}.Template|Win32.Build.0 = Template|Win32
		{5F05C4AD-9447-EFC2-DF3E-15F7130E282D}.Debug|Win32.ActiveCfg = Debug|Win32
		{5F05C4AD-9447-EFC2-DF3E-15F7130E282D}.Debug|Win32.Build.0 = Debug|Win32
		{5F05C4AD-9447-EFC2-DF3E-15F7130E282D}.Release|Win32.ActiveCfg = Release|Win32
		{5F05C4AD-9447-EFC2-DF3E-15F7130E282D}.Release|Win32.Build.0 = Release|Win32
		{5F05C4AD-9447-EFC2-DF3E-15F7130E282D}.Template|Win32.ActiveCfg = Template|Win32
		{5F05C4AD-9447-EFC2-DF3E-15F7130E282D}.Template|Win32.Build.0 = Template|Win32
		{42423083-33A9-FC3E-B9F8-C5CA6F65ACC4}.Debug|Win32.ActiveCfg = Debug|Win32
		{42423083-33A9-FC3E-B9F8-C5CA6F65ACC4}.Debug|Win32.Build.0 = Debug|Win32
		{42423083-33A9-FC3E-B9F8-C5CA6F65ACC4}.Release|Win32.ActiveCfg = Release|Win32
		{42423083-33A9-FC3E-B9F8-C5CA6F65ACC4}.Release|Win32.Build.0 = Release|Win32
		{42423083-33A9-FC3E-B9F8-C5CA6F65ACC4}.Template|Win32.ActiveCfg = Template|Win32
		{42423083-33A9-FC3E-B9F8-C5CA6F65ACC4}.Template|Win32.Build.0 = Template|Win32
		{DCE18E89-FE16-8FF1-5F48-B00F41AB3650}.Debug|Win32.ActiveCfg = Debug|Win32
		{DCE18E89-FE16-8FF1-5F48-B00F41AB3650}.Debug|Win32.Build.0 = Debug|Win32
		{DCE18E89-FE16-8FF1-5F48-B00F41AB3650}.Release|Win32.ActiveCfg = Release|Win32
		{DCE18E89-FE16-8FF1-5F48-B00F41AB3650}.Release|Win32.Build.0 = Release|Win32
		{DCE18E89-FE16-8FF1-5F48-B00F41AB3650}.Template|Win32.ActiveCfg = Template|Win32
		{DCE18E89-FE16-8FF1-5F48-B00F41AB3650}.Template|Win32.Build.0 = Template|Win32
		{83E9E360-8EA3-7120-04E3-DA26FD80354F}.Debug|Win32.ActiveCfg = Debug|Win32
		{83E9E360-8EA3-7120-04E3-DA26FD80354F}.Debug|Win32.Build.0 = Debug|Win32
		{83E9E360-8EA3-7120-04E3-DA26FD80354F}.Release|Win32.ActiveCfg = Debug|Win32
		{83E9E360-8EA3-7120-04E3-DA26FD80354F}.Release|Win32.Build.0 = Debug|Win32
		{83E9E360-8EA3-7120-04E3-DA26FD80354F}.Template|Win32.ActiveCfg = Template|Win32
		{83E9E360-8EA3-7120-04E3-DA26FD80354F}.Template|Win32.Build.0 = Template|Win32
		{6DA5BE47-467D-5D15-93FC-49247E2B3896}.Debug|Win32.ActiveCfg = Debug|Win32
		{6DA5BE47-467D-5D15-93FC-49247E2B3896}.Debug|Win32.Build.0 = Debug|Win32
		{6DA5BE47-467D-5D15-93FC-49247E2B3896}.Release|Win32.ActiveCfg = Release|Win32
		{6DA5BE47-467D-5D15-93FC-49247E2B3896}.Release|Win32.Build.0 = Release|Win32
		{6DA5BE47-467D-5D15-93FC-49247E2B3896}.Template|Win32.ActiveCfg = Template|Win32
		{6DA5BE47-467D-5D15-93FC-49247E2B3896}.Template|Win32.Build.0 = Template|Win32
		{7D2182EE-72E3-4561-2676-044AAAE8732F}.Debug|Win32.ActiveCfg = Debug|Win32
		{7D2182EE-72E3-4561-2676-044AAAE8732F}.Debug|Win32.Build.0 = Debug|Win32
		{7D2182EE-72E3-4561-2676-044AAAE8732F}.Release|Win32.ActiveCfg = Release|Win32
		{7D2182EE-72E3-4561-2676-044AAAE8732F}.Release|Win32.Build.0 = Release|Win32
		{7D2182EE-72E3-4561-2676-044AAAE8732F}.Template|Win32.ActiveCfg = Template|Win32
		{7D2182EE-72E3-4561-2676-044AAAE8732F}.Template|Win32.Build.0 = Template|Win32
		{FB72E831-4BBB-EB8E-551B-582274AA5A2B}.Debug|Win32.ActiveCfg = Debug|Win32
		{FB72E831-4BBB-EB8E-551B-582274AA5A2B}.Debug|Win32.Build.0 = Debug|Win32
		{FB72E831-4BBB-EB8E-551B-582274AA5A2B}.Release|Win32.ActiveCfg = Release|Win32
		{FB72E831-4BBB-EB8E-551B-582274AA5A2B}.Release|Win32.Build.0 = Release|Win32
		{FB72E831-4BBB-EB8E-551B-582274AA5A2B}.Template|Win32.ActiveCfg = Template|Win32
		{FB72E831-4BBB-EB8E-551B-582274AA5A2B}.Template|Win32.Build.0 = Template|Win32
		{7E4B08B9-6F8F-7EE7-5169-E9A98510B80D}.Debug|Win32.ActiveCfg = Debug|Win32
		{7E4B08B9-6F8F-7EE7-5169-E9A98510B80D}.Debug|Win32.Build.0 = Debug|Win32
		{7E4B08B9-6F8F-7EE7-5169-E9A98510B80D}.Release|Win32.ActiveCfg = Release|Win32
		{7E4B08B9-6F8F-7EE7-5169-E9A98510B80D}.Release|Win32.Build.0 = Release|Win32
		{7E4B08B9-6F8F-7EE7-5169-E9A98510B80D}.Template|Win32.ActiveCfg = Template|Win32
		{7E4B08B9-6F8F-7EE7-5169-E9A98510B80D}.Template|Win32.Build.0 = Template|Win32
		{22AC35F3-B841-202D-78B4-546228FBF92C}.Debug|Win32.ActiveCfg = Debug|Win32
		{22AC35F3-B841-202D-78B4-546228FBF92C}.Debug|Win32.Build.0 = Debug|Win32
		{22AC35F3-B841-202D-78B4-546228FBF92C}.Release|Win32.ActiveCfg = Release|Win32
		{22AC35F3-B841-202D-78B4-546228FBF92C}.Release|Win32.Build.0 = Release|Win32
		{22AC35F3-B841-202D-78B4-546228FBF92C}.Template|Win32.ActiveCfg = Template|Win32
		{22AC35F3-B841-202D-78B4-546228FBF92C}.Template|Win32.Build.0 = Template|Win32
		{27B8E2E3-9AE7-7E6D-F292-DAFC1D883AC2}.Debug|Win32.ActiveCfg = Debug|Win32
		{27B8E2E3-9AE7-7E6D-F292-DAFC1D883AC2}.Debug|Win32.Build.0 = Debug|Win32
		{27B8E2E3-9AE7-7E6D-F292-DAFC1D883AC2}.Release|Win32.ActiveCfg = Release|Win32
		{27B8E2E3-9AE7-7E6D-F292-DAFC1D883AC2}.Release|Win32.Build.0 = Release|Win32
		{27B8E2E3-9AE7-7E6D-F292-DAFC1D883AC2}.Template|Win32.ActiveCfg = Template|Win32
		{27B8E2E3-9AE7-7E6D-F292-DAFC1D883AC2}.Template|Win32.Build.0 = Template|Win32
		{341F3237-085F-C684-9D59-884F27FD682C}.Debug|Win32.ActiveCfg = Debug|Win32
		{341F3237-085F-C684-9D59-884F27FD682C}.Debug|Win32.Build.0 = Debug|Win32
		{341F3237-085F-C684-9D59-884F27FD682C}.Release|Win32.ActiveCfg = Release|Win32
		{341F3237-085F-C684-9D59-884F27FD682C}.Release|Win32.Build.0 = Release|Win32
		{341F3237-085F-C684-9D59-884F27FD682C}.Template|Win32.ActiveCfg = Template|Win32
		{341F3237-085F-C684-9D59-884F27FD682C}.Template|Win32.Build.0 = Template|Win32
		{F95492F0-7A9D-4FA8-E60A-79CF700FC4BE}.Debug|Win32.ActiveCfg = Debug|Win32
		{F95492F0-7A9D-4FA8-E60A-79CF700FC4BE}.Debug|Win32.Build.0 = Debug|Win32
		{F95492F0-7A9D-4FA8-E60A-79CF700FC4BE}.Release|Win32.ActiveCfg = Release|Win32
		{F95492F0-7A9D-4FA8-E60A-79CF700FC4BE}.Release|Win32.Build.0 = Release|Win32
		{F95492F0-7A9D-4FA8-E60A-79CF700FC4BE}.Template|Win32.ActiveCfg = Template|Win32
		{F95492F0-7A9D-4FA8-E60A-79CF700FC4BE}.Template|Win32.Build.0 = Template|Win32
		{7B003923-F185-6871-D2B0-CB8F390AE1CD}.Debug|Win32.ActiveCfg = Debug|Win32
		{7B003923-F185-6871-D2B0-CB8F390AE1CD}.Debug|Win32.Build.0 = Debug|Win32
		{7B003923-F185-6871-D2B0-CB8F390AE1CD}.Release|Win32.ActiveCfg = Release|Win32
		{7B003923-F185-6871-D2B0-CB8F390AE1CD}.Release|Win32.Build.0 = Release|Win32
		{7B003923-F185-6871-D2B0-CB8F390AE1CD}.Template|Win32.ActiveCfg = Template|Win32
		{7B003923-F185-6871-D2B0-CB8F390AE1CD}.Template|Win32.Build.0 = Template|Win32
		{3C2552DD-A9DB-6D1D-2959-810537C264A6}.Debug|Win32.ActiveCfg = Debug|Win32
		{3C2552DD-A9DB-6D1D-2959-810537C264A6}.Debug|Win32.Build.0 = Debug|Win32
		{3C2552DD-A9DB-6D1D-2959-810537C264A6}.Release|Win32.ActiveCfg = Release|Win32
		{3C2552DD-A9DB-6D1D-2959-810537C264A6}.Release|Win32.Build.0 = Release|Win32
		{3C2552DD-A9DB-6D1D-2959-810537C264A6}.Template|Win32.ActiveCfg = Template|Win32
		{3C2552DD-A9DB-6D1D-2959-810537C264A6}.Template|Win32.Build.0 = Template|Win32
		{C2E2AC76-EDFF-DFB6-7B0F-E178D46018EA}.Debug|Win32.ActiveCfg = Debug|Win32
		{C2E2AC76-EDFF-DFB6-7B0F-E178D46018EA}.Debug|Win32.Build.0 = Debug|Win32
		{C2E2AC76-EDFF-DFB6-7B0F-E178D46018EA}.Release|Win32.ActiveCfg = Release|Win32
		{C2E2AC76-EDFF-DFB6-7B0F-E178D46018EA}.Release|Win32.Build.0 = Release|Win32
		{C2E2AC76-EDFF-DFB6-7B0F-E178D46018EA}.Template|Win32.ActiveCfg = Release|Win32
		{C2E2AC76-EDFF-DFB6-7B0F-E178D46018EA}.Template|Win32.Build.0 = Release|Win32
		{CC467F57-9F6C-076F-27E0-ECBDD1842599}.Debug|Win32.ActiveCfg = Debug|Win32
		{CC467F57-9F6C-076F-27E0-ECBDD1842599}.Debug|Win32.Build.0 = Debug|Win32
		{CC467F57-9F6C-076F-27E0-ECBDD1842599}.Release|Win32.ActiveCfg = Release|Win32
		{CC467F57-9F6C-076F-27E0-ECBDD1842599}.Release|Win32.Build.0 = Release|Win32
		{CC467F57-9F6C-076F-27E0-ECBDD1842599}.Template|Win32.ActiveCfg = Template|Win32
		{CC467F57-9F6C-076F-27E0-ECBDD1842599}.Template|Win32.Build.0 = Template|Win32
		{B3212295-172D-7022-4778-BF2C2A98CA0A}.Debug|Win32.ActiveCfg = Debug|Win32
		{B3212295-172D-7022-4778-BF2C2A98CA0A}.Debug|Win32.Build.0 = Debug|Win32
		{B3212295-172D-7022-4778-BF2C2A98CA0A}.Release|Win32.ActiveCfg = Release|Win32
		{B3212295-172D-7022-4778-BF2C2A98CA0A}.Release|Win32.Build.0 = Release|Win32
		{B3212295-172D-7022-4778-BF2C2A98CA0A}.Template|Win32.ActiveCfg = Release|Win32
		{B3212295-172D-7022-4778-BF2C2A98CA0A}.Template|Win32.Build.0 = Release|Win32
		{3349FA15-4B74-EE2D-2BA3-D8B4A058C8C9}.Debug|Win32.ActiveCfg = Debug|Win32
		{3349FA15-4B74-EE2D-2BA3-D8B4A058C8C9}.Debug|Win32.Build.0 = Debug|Win32
		{3349FA15-4B74-EE2D-2BA3-D8B4A058C8C9}.Release|Win32.ActiveCfg = Release|Win32
		{3349FA15-4B74-EE2D-2BA3-D8B4A058C8C9}.Release|Win32.Build.0 = Release|Win32
		{3349FA15-4B74-EE2D-2BA3-D8B4A058C8C9}.Template|Win32.ActiveCfg = Template|Win32
		{3349FA15-4B74-EE2D-2BA3-D8B4A058C8C9}.Template|Win32.Build.0 = Template|Win32
		{8935E9CE-00EB-F308-5695-D2C9590FCC91}.Debug|Win32.ActiveCfg = Debug|Win32
		{8935E9CE-00EB-F308-5695-D2C9590FCC91}.Debug|Win32.Build.0 = Debug|Win32
		{8935E9CE-00EB-F308-5695-D2C9590FCC91}.Release|Win32.ActiveCfg = Release|Win32
		{8935E9CE-00EB-F308-5695-D2C9590FCC91}.Release|Win32.Build.0 = Release|Win32
		{8935E9CE-00EB-F308-5695-D2C9590FCC91}.Template|Win32.ActiveCfg = Template|Win32
		{8935E9CE-00EB-F308-5695-D2C9590FCC91}.Template|Win32.Build.0 = Template|Win32
		{FA1F0169-47DC-B4F8-D110-D703B7FAF119}.Debug|Win32.ActiveCfg = Debug|Win32
		{FA1F0169-47DC-B4F8-D110-D703B7FAF119}.Debug|Win32.Build.0 = Debug|Win32
		{FA1F0169-47DC-B4F8-D110-D703B7FAF119}.Release|Win32.ActiveCfg = Release|Win32
		{FA1F0169-47DC-B4F8-D110-D703B7FAF119}.Release|Win32.Build.0 = Release|Win32
		{FA1F0169-47DC-B4F8-D110-D703B7FAF119}.Template|Win32.ActiveCfg = Template|Win32
		{FA1F0169-47DC-B4F8-D110-D703B7FAF119}.Template|Win32.Build.0 = Template|Win32
		{EEB0DAD8-D8CE-2D03-6611-23069D06A287}.Debug|Win32.ActiveCfg = Debug|Win32
		{EEB0DAD8-D8CE-2D03-6611-23069D06A287}.Debug|Win32.Build.0 = Debug|Win32
		{EEB0DAD8-D8CE-2D03-6611-23069D06A287}.Release|Win32.ActiveCfg = Release|Win32
		{EEB0DAD8-D8CE-2D03-6611-23069D06A287}.Release|Win32.Build.0 = Release|Win32
		{EEB0DAD8-D8CE-2D03-6611-23069D06A287}.Template|Win32.ActiveCfg = Template|Win32
		{EEB0DAD8-D8CE-2D03-6611-23069D06A287}.Template|Win32.Build.0 = Template|Win32
		{24A9DB88-4878-8AAE-844F-B8DD331FF9CE}.Debug|Win32.ActiveCfg = Debug|Win32
		{24A9DB88-4878-8AAE-844F-B8DD331FF9CE}.Debug|Win32.Build.0 = Debug|Win32
		{24A9DB88-4878-8AAE-844F-B8DD331FF9CE}.Release|Win32.ActiveCfg = Release|Win32
		{24A9DB88-4878-8AAE-844F-B8DD331FF9CE}.Release|Win32.Build.0 = Release|Win32
		{24A9DB88-4878-8AAE-844F-B8DD331FF9CE}.Template|Win32.ActiveCfg = Template|Win32
		{24A9DB88-4878-8AAE-844F-B8DD331FF9CE}.Template|Win32.Build.0 = Template|Win32
		{5418B8B9-C610-0E2B-24AF-FDD81AF0CC88}.Debug|Win32.ActiveCfg = Debug|Win32
		{5418B8B9-C610-0E2B-24AF-FDD81AF0CC88}.Debug|Win32.Build.0 = Debug|Win32
		{5418B8B9-C610-0E2B-24AF-FDD81AF0CC88}.Release|Win32.ActiveCfg = Release|Win32
		{5418B8B9-C610-0E2B-24AF-FDD81AF0CC88}.Release|Win32.Build.0 = Release|Win32
		{5418B8B9-C610-0E2B-24AF-FDD81AF0CC88}.Template|Win32.ActiveCfg = Template|Win32
		{5418B8B9-C610-0E2B-24AF-FDD81AF0CC88}.Template|Win32.Build.0 = Template|Win32
		{CA6118A3-F2FB-8E18-48B7-D448625D6BEA}.Debug|Win32.ActiveCfg = Debug|Win32
		{CA6118A3-F2FB-8E18-48B7-D448625D6BEA}.Debug|Win32.Build.0 = Debug|Win32
		{CA6118A3-F2FB-8E18-48B7-D448625D6BEA}.Release|Win32.ActiveCfg = Release|Win32
		{CA6118A3-F2FB-8E18-48B7-D448625D6BEA}.Release|Win32.Build.0 = Release|Win32
		{CA6118A3-F2FB-8E18-48B7-D448625D6BEA}.Template|Win32.ActiveCfg = Template|Win32
		{CA6118A3-F2FB-8E18-48B7-D448625D6BEA}.Template|Win32.Build.0 = Template|Win32
		{277D036A-576D-FFB3-8A56-AD56A621A30D}.Debug|Win32.ActiveCfg = Debug|Win32
		{277D036A-576D-FFB3-8A56-AD56A621A30D}.Debug|Win32.Build.0 = Debug|Win32
		{277D036A-576D-FFB3-8A56-AD56A621A30D}.Release|Win32.ActiveCfg = Release|Win32
		{277D036A-576D-FFB3-8A56-AD56A621A30D}.Release|Win32.Build.0 = Release|Win32
		{277D036A-576D-FFB3-8A56-AD56A621A30D}.Template|Win32.ActiveCfg = Template|Win32
		{277D036A-576D-FFB3-8A56-AD56A621A30D}.Template|Win32.Build.0 = Template|Win32
		{42F5A480-61C9-9B8E-75DE-15F130837B98}.Debug|Win32.ActiveCfg = Debug|Win32
		{42F5A480-61C9-9B8E-75DE-15F130837B98}.Debug|Win32.Build.0 = Debug|Win32
		{42F5A480-61C9-9B8E-75DE-15F130837B98}.Release|Win32.ActiveCfg = Release|Win32
		{42F5A480-61C9-9B8E-75DE-15F130837B98}.Release|Win32.Build.0 = Release|Win32
		{42F5A480-61C9-9B8E-75DE-15F130837B98}.Template|Win32.ActiveCfg = Release|Win32
		{42F5A480-61C9-9B8E-75DE-15F130837B98}.Template|Win32.Build.0 = Release|Win32
		{C11EB1FB-81B1-09B2-7FDF-52DCB17343BB}.Debug|Win32.ActiveCfg = Debug|Win32
		{C11EB1FB-81B1-09B2-7FDF-52DCB17343BB}.Debug|Win32.Build.0 = Debug|Win32
		{C11EB1FB-81B1-09B2-7FDF-52DCB17343BB}.Release|Win32.ActiveCfg = Release|Win32
		{C11EB1FB-81B1-09B2-7FDF-52DCB17343BB}.Release|Win32.Build.0 = Release|Win32
		{C11EB1FB-81B1-09B2-7FDF-52DCB17343BB}.Template|Win32.ActiveCfg = Template|Win32
		{C11EB1FB-81B1-09B2-7FDF-52DCB17343BB}.Template|Win32.Build.0 = Template|Win32
		{B4948041-188A-42D9-56EB-44DBB20EE8EA}.Debug|Win32.ActiveCfg = Debug|Win32
		{B4948041-188A-42D9-56EB-44DBB20EE8EA}.Debug|Win32.Build.0 = Debug|Win32
		{B4948041-188A-42D9-56EB-44DBB20EE8EA}.Release|Win32.ActiveCfg = Release|Win32
		{B4948041-188A-42D9-56EB-44DBB20EE8EA}.Release|Win32.Build.0 = Release|Win32
		{B4948041-188A-42D9-56EB-44DBB20EE8EA}.Template|Win32.ActiveCfg = Release|Win32
		{B4948041-188A-42D9-56EB-44DBB20EE8EA}.Template|Win32.Build.0 = Release|Win32
		{85151847-B9C1-B731-0BCC-7872FE4DB759}.Debug|Win32.ActiveCfg = Debug|Win32
		{85151847-B9C1-B731-0BCC-7872FE4DB759}.Debug|Win32.Build.0 = Debug|Win32
		{85151847-B9C1-B731-0BCC-7872FE4DB759}.Release|Win32.ActiveCfg = Release|Win32
		{85151847-B9C1-B731-0BCC-7872FE4DB759}.Release|Win32.Build.0 = Release|Win32
		{85151847-B9C1-B731-0BCC-7872FE4DB759}.Template|Win32.ActiveCfg = Release|Win32
		{85151847-B9C1-B731-0BCC-7872FE4DB759}.Template|Win32.Build.0 = Release|Win32
		{A3C6FDB4-26FC-22B5-2BAF-A57DC0B73596}.Debug|Win32.ActiveCfg = Debug|Win32
		{A3C6FDB4-26FC-22B5-2BAF-A57DC0B73596}.Debug|Win32.Build.0 = Debug|Win32
		{A3C6FDB4-26FC-22B5-2BAF-A57DC0B73596}.Release|Win32.ActiveCfg = Release|Win32
		{A3C6FDB4-26FC-22B5-2BAF-A57DC0B73596}.Release|Win32.Build.0 = Release|Win32
		{A3C6FDB4-26FC-22B5-2BAF-A57DC0B73596}.Template|Win32.ActiveCfg = Template|Win32
		{A3C6FDB4-26FC-22B5-2BAF-A57DC0B73596}.Template|Win32.Build.0 = Template|Win32
		{DAF88FC5-099B-98DB-8811-480169AB8E76}.Debug|Win32.ActiveCfg = Debug|Win32
		{DAF88FC5-099B-98DB-8811-480169AB8E76}.Debug|Win32.Build.0 = Debug|Win32
		{DAF88FC5-099B-98DB-8811-480169AB8E76}.Release|Win32.ActiveCfg = Debug|Win32
		{DAF88FC5-099B-98DB-8811-480169AB8E76}.Release|Win32.Build.0 = Debug|Win32
		{DAF88FC5-099B-98DB-8811-480169AB8E76}.Template|Win32.ActiveCfg = Template|Win32
		{DAF88FC5-099B-98DB-8811-480169AB8E76}.Template|Win32.Build.0 = Template|Win32
		{8ABC5170-3C53-352F-627F-AC3E338E3F47}.Debug|Win32.ActiveCfg = Debug|Win32
		{8ABC5170-3C53-352F-627F-AC3E338E3F47}.Debug|Win32.Build.0 = Debug|Win32
		{8ABC5170-3C53-352F-627F-AC3E338E3F47}.Release|Win32.ActiveCfg = Release|Win32
		{8ABC5170-3C53-352F-627F-AC3E338E3F47}.Release|Win32.Build.0 = Release|Win32
		{8ABC5170-3C53-352F-627F-AC3E338E3F47}.Template|Win32.ActiveCfg = Template|Win32
		{8ABC5170-3C53-352F-627F-AC3E338E3F47}.Template|Win32.Build.0 = Template|Win32
		{A0182ED3-2970-08CB-4DD0-EB27A0A96EA4}.Debug|Win32.ActiveCfg = Debug|Win32
		{A0182ED3-2970-08CB-4DD0-EB27A0A96EA4}.Debug|Win32.Build.0 = Debug|Win32
		{A0182ED3-2970-08CB-4DD0-EB27A0A96EA4}.Release|Win32.ActiveCfg = Release|Win32
		{A0182ED3-2970-08CB-4DD0-EB27A0A96EA4}.Release|Win32.Build.0 = Release|Win32
		{A0182ED3-2970-08CB-4DD0-EB27A0A96EA4}.Template|Win32.ActiveCfg = Template|Win32
		{A0182ED3-2970-08CB-4DD0-EB27A0A96EA4}.Template|Win32.Build.0 = Template|Win32
		{48702129-BBFA-DE7F-0C07-CD88982D9D3A}.Debug|Win32.ActiveCfg = Debug|Win32
		{48702129-BBFA-DE7F-0C07-CD88982D9D3A}.Debug|Win32.Build.0 = Debug|Win32
		{48702129-BBFA-DE7F-0C07-CD88982D9D3A}.Release|Win32.ActiveCfg = Release|Win32
		{48702129-BBFA-DE7F-0C07-CD88982D9D3A}.Release|Win32.Build.0 = Release|Win32
		{48702129-BBFA-DE7F-0C07-CD88982D9D3A}.Template|Win32.ActiveCfg = Template|Win32
		{48702129-BBFA-DE7F-0C07-CD88982D9D3A}.Template|Win32.Build.0 = Template|Win32
		{5301249C-A9E7-63FE-117E-553A54CDBA14}.Debug|Win32.ActiveCfg = Debug|Win32
		{5301249C-A9E7-63FE-117E-553A54CDBA14}.Debug|Win32.Build.0 = Debug|Win32
		{5301249C-A9E7-63FE-117E-553A54CDBA14}.Release|Win32.ActiveCfg = Release|Win32
		{5301249C-A9E7-63FE-117E-553A54CDBA14}.Release|Win32.Build.0 = Release|Win32
		{5301249C-A9E7-63FE-117E-553A54CDBA14}.Template|Win32.ActiveCfg = Template|Win32
		{5301249C-A9E7-63FE-117E-553A54CDBA14}.Template|Win32.Build.0 = Template|Win32
		{128C98CA-7956-4D26-A458-C0E2394BAB2B}.Debug|Win32.ActiveCfg = Debug|Win32
		{128C98CA-7956-4D26-A458-C0E2394BAB2B}.Debug|Win32.Build.0 = Debug|Win32
		{128C98CA-7956-4D26-A458-C0E2394BAB2B}.Release|Win32.ActiveCfg = Release|Win32
		{128C98CA-7956-4D26-A458-C0E2394BAB2B}.Release|Win32.Build.0 = Release|Win32
		{128C98CA-7956-4D26-A458-C0E2394BAB2B}.Template|Win32.ActiveCfg = Template|Win32
		{128C98CA-7956-4D26-A458-C0E2394BAB2B}.Template|Win32.Build.0 = Template|Win32
		{4B2B87EA-F9A8-266E-60A2-86E2E41A2376}.Debug|Win32.ActiveCfg = Debug|Win32
		{4B2B87EA-F9A8-266E-60A2-86E2E41A2376}.Debug|Win32.Build.0 = Debug|Win32
		{4B2B87EA-F9A8-266E-60A2-86E2E41A2376}.Release|Win32.ActiveCfg = Release|Win32
		{4B2B87EA-F9A8-266E-60A2-86E2E41A2376}.Release|Win32.Build.0 = Release|Win32
		{4B2B87EA-F9A8-266E-60A2-86E2E41A2376}.Template|Win32.ActiveCfg = Template|Win32
		{4B2B87EA-F9A8-266E-60A2-86E2E41A2376}.Template|Win32.Build.0 = Template|Win32
		{DB43FBEF-7BAA-B6D5-6201-2F6269FCA6F0}.Debug|Win32.ActiveCfg = Debug|Win32
		{DB43FBEF-7BAA-B6D5-6201-2F6269FCA6F0}.Debug|Win32.Build.0 = Debug|Win32
		{DB43FBEF-7BAA-B6D5-6201-2F6269FCA6F0}.Release|Win32.ActiveCfg = Release|Win32
		{DB43FBEF-7BAA-B6D5-6201-2F6269FCA6F0}.Release|Win32.Build.0 = Release|Win32
		{DB43FBEF-7BAA-B6D5-6201-2F6269FCA6F0}.Template|Win32.ActiveCfg = Template|Win32
		{DB43FBEF-7BAA-B6D5-6201-2F6269FCA6F0}.Template|Win32.Build.0 = Template|Win32
		{6C254F42-2A63-B4AC-A0BB-0CB0781844D9}.Debug|Win32.ActiveCfg = Debug|Win32
		{6C254F42-2A63-B4AC-A0BB-0CB0781844D9}.Debug|Win32.Build.0 = Debug|Win32
		{6C254F42-2A63-B4AC-A0BB-0CB0781844D9}.Release|Win32.ActiveCfg = Release|Win32
		{6C254F42-2A63-B4AC-A0BB-0CB0781844D9}.Release|Win32.Build.0 = Release|Win32
		{6C254F42-2A63-B4AC-A0BB-0CB0781844D9}.Template|Win32.ActiveCfg = Release|Win32
		{6C254F42-2A63-B4AC-A0BB-0CB0781844D9}.Template|Win32.Build.0 = Release|Win32
		{07B537E5-ABA8-4053-A97B-82A2AD8B76FE}.Debug|Win32.ActiveCfg = Debug|Win32
		{07B537E5-ABA8-4053-A97B-82A2AD8B76FE}.Debug|Win32.Build.0 = Debug|Win32
		{07B537E5-ABA8-4053-A97B-82A2AD8B76FE}.Release|Win32.ActiveCfg = Release|Win32
		{07B537E5-ABA8-4053-A97B-82A2AD8B76FE}.Release|Win32.Build.0 = Release|Win32
		{07B537E5-ABA8-4053-A97B-82A2AD8B76FE}.Template|Win32.ActiveCfg = Release|Win32
		{07B537E5-ABA8-4053-A97B-82A2AD8B76FE}.Template|Win32.Build.0 = Release|Win32
		{A5750C8E-D5E0-C513-F0C2-DF66AB3B3257}.Debug|Win32.ActiveCfg = Debug|Win32
		{A5750C8E-D5E0-C513-F0C2-DF66AB3B3257}.Debug|Win32.Build.0 = Debug|Win32
		{A5750C8E-D5E0-C513-F0C2-DF66AB3B3257}.Release|Win32.ActiveCfg = Release|Win32
		{A5750C8E-D5E0-C513-F0C2-DF66AB3B3257}.Release|Win32.Build.0 = Release|Win32
		{A5750C8E-D5E0-C513-F0C2-DF66AB3B3257}.Template|Win32.ActiveCfg = Release|Win32
		{A5750C8E-D5E0-C513-F0C2-DF66AB3B3257}.Template|Win32.Build.0 = Release|Win32
		{EF8DBE1F-A79B-96B4-9F77-B795AE70A158}.Debug|Win32.ActiveCfg = Debug|Win32
		{EF8DBE1F-A79B-96B4-9F77-B795AE70A158}.Debug|Win32.Build.0 = Debug|Win32
		{EF8DBE1F-A79B-96B4-9F77-B795AE70A158}.Release|Win32.ActiveCfg = Release|Win32
		{EF8DBE1F-A79B-96B4-9F77-B795AE70A158}.Release|Win32.Build.0 = Release|Win32
		{EF8DBE1F-A79B-96B4-9F77-B795AE70A158}.Template|Win32.ActiveCfg = Template|Win32
		{EF8DBE1F-A79B-96B4-9F77-B795AE70A158}.Template|Win32.Build.0 = Template|Win32
		{B23CFD2A-6652-2692-11AC-87D8AC461501}.Debug|Win32.ActiveCfg = Debug|Win32
		{B23CFD2A-6652-2692-11AC-87D8AC461501}.Debug|Win32.Build.0 = Debug|Win32
		{B23CFD2A-6652-2692-11AC-87D8AC461501}.Release|Win32.ActiveCfg = Release|Win32
		{B23CFD2A-6652-2692-11AC-87D8AC461501}.Release|Win32.Build.0 = Release|Win32
		{B23CFD2A-6652-2692-11AC-87D8AC461501}.Template|Win32.ActiveCfg = Template|Win32
		{B23CFD2A-6652-2692-11AC-87D8AC461501}.Template|Win32.Build.0 = Template|Win32
		{0DB7A215-FADA-2B02-7C4C-C6969E95619A}.Debug|Win32.ActiveCfg = Debug|Win32
		{0DB7A215-FADA-2B02-7C4C-C6969E95619A}.Debug|Win32.Build.0 = Debug|Win32
		{0DB7A215-FADA-2B02-7C4C-C6969E95619A}.Release|Win32.ActiveCfg = Release|Win32
		{0DB7A215-FADA-2B02-7C4C-C6969E95619A}.Release|Win32.Build.0 = Release|Win32
		{0DB7A215-FADA-2B02-7C4C-C6969E95619A}.Template|Win32.ActiveCfg = Template|Win32
		{0DB7A215-FADA-2B02-7C4C-C6969E95619A}.Template|Win32.Build.0 = Template|Win32
		{AA6C8CA7-AEF0-284E-901C-E7660A98568A}.Debug|Win32.ActiveCfg = Debug|Win32
		{AA6C8CA7-AEF0-284E-901C-E7660A98568A}.Debug|Win32.Build.0 = Debug|Win32
		{AA6C8CA7-AEF0-284E-901C-E7660A98568A}.Release|Win32.ActiveCfg = Release|Win32
		{AA6C8CA7-AEF0-284E-901C-E7660A98568A}.Release|Win32.Build.0 = Release|Win32
		{AA6C8CA7-AEF0-284E-901C-E7660A98568A}.Template|Win32.ActiveCfg = Template|Win32
		{AA6C8CA7-AEF0-284E-901C-E7660A98568A}.Template|Win32.Build.0 = Template|Win32
		{9E0CCB4C-59E0-958D-B893-D8F7DC489159}.Debug|Win32.ActiveCfg = Debug|Win32
		{9E0CCB4C-59E0-958D-B893-D8F7DC489159}.Debug|Win32.Build.0 = Debug|Win32
		{9E0CCB4C-59E0-958D-B893-D8F7DC489159}.Release|Win32.ActiveCfg = Release|Win32
		{9E0CCB4C-59E0-958D-B893-D8F7DC489159}.Release|Win32.Build.0 = Release|Win32
		{9E0CCB4C-59E0-958D-B893-D8F7DC489159}.Template|Win32.ActiveCfg = Template|Win32
		{9E0CCB4C-59E0-958D-B893-D8F7DC489159}.Template|Win32.Build.0 = Template|Win32
		{329217DC-45B3-834C-96ED-4EF19F20F4CC}.Debug|Win32.ActiveCfg = Debug|Win32
		{329217DC-45B3-834C-96ED-4EF19F20F4CC}.Debug|Win32.Build.0 = Debug|Win32
		{329217DC-45B3-834C-96ED-4EF19F20F4CC}.Release|Win32.ActiveCfg = Release|Win32
		{329217DC-45B3-834C-96ED-4EF19F20F4CC}.Release|Win32.Build.0 = Release|Win32
		{329217DC-45B3-834C-96ED-4EF19F20F4CC}.Template|Win32.ActiveCfg = Release|Win32
		{329217DC-45B3-834C-96ED-4EF19F20F4CC}.Template|Win32.Build.0 = Release|Win32
		{47283E7C-BA0D-9C55-D341-E288C9A419B4}.Debug|Win32.ActiveCfg = Debug|Win32
		{47283E7C-BA0D-9C55-D341-E288C9A419B4}.Debug|Win32.Build.0 = Debug|Win32
		{47283E7C-BA0D-9C55-D341-E288C9A419B4}.Release|Win32.ActiveCfg = Release|Win32
		{47283E7C-BA0D-9C55-D341-E288C9A419B4}.Release|Win32.Build.0 = Release|Win32
		{47283E7C-BA0D-9C55-D341-E288C9A419B4}.Template|Win32.ActiveCfg = Template|Win32
		{47283E7C-BA0D-9C55-D341-E288C9A419B4}.Template|Win32.Build.0 = Template|Win32
		{07567E80-8317-A41D-CA8D-62905D55969B}.Debug|Win32.ActiveCfg = Debug|Win32
		{07567E80-8317-A41D-CA8D-62905D55969B}.Debug|Win32.Build.0 = Debug|Win32
		{07567E80-8317-A41D-CA8D-62905D55969B}.Release|Win32.ActiveCfg = Release|Win32
		{07567E80-8317-A41D-CA8D-62905D55969B}.Release|Win32.Build.0 = Release|Win32
		{07567E80-8317-A41D-CA8D-62905D55969B}.Template|Win32.ActiveCfg = Template|Win32
		{07567E80-8317-A41D-CA8D-62905D55969B}.Template|Win32.Build.0 = Template|Win32
		{6E4784C6-D53D-DA8D-61AA-B5FAB1C9D3D0}.Debug|Win32.ActiveCfg = Debug|Win32
		{6E4784C6-D53D-DA8D-61AA-B5FAB1C9D3D0}.Debug|Win32.Build.0 = Debug|Win32
		{6E4784C6-D53D-DA8D-61AA-B5FAB1C9D3D0}.Release|Win32.ActiveCfg = Release|Win32
		{6E4784C6-D53D-DA8D-61AA-B5FAB1C9D3D0}.Release|Win32.Build.0 = Release|Win32
		{6E4784C6-D53D-DA8D-61AA-B5FAB1C9D3D0}.Template|Win32.ActiveCfg = Template|Win32
		{6E4784C6-D53D-DA8D-61AA-B5FAB1C9D3D0}.Template|Win32.Build.0 = Template|Win32
		{8B910233-6EB1-9904-4C8D-63EBC84404CA}.Debug|Win32.ActiveCfg = Debug|Win32
		{8B910233-6EB1-9904-4C8D-63EBC84404CA}.Debug|Win32.Build.0 = Debug|Win32
		{8B910233-6EB1-9904-4C8D-63EBC84404CA}.Release|Win32.ActiveCfg = Release|Win32
		{8B910233-6EB1-9904-4C8D-63EBC84404CA}.Release|Win32.Build.0 = Release|Win32
		{8B910233-6EB1-9904-4C8D-63EBC84404CA}.Template|Win32.ActiveCfg = Release|Win32
		{8B910233-6EB1-9904-4C8D-63EBC84404CA}.Template|Win32.Build.0 = Release|Win32
		{B7FC1E3B-A07C-BF67-0406-C6BA6D91EE84}.Debug|Win32.ActiveCfg = Debug|Win32
		{B7FC1E3B-A07C-BF67-0406-C6BA6D91EE84}.Debug|Win32.Build.0 = Debug|Win32
		{B7FC1E3B-A07C-BF67-0406-C6BA6D91EE84}.Release|Win32.ActiveCfg = Release|Win32
		{B7FC1E3B-A07C-BF67-0406-C6BA6D91EE84}.Release|Win32.Build.0 = Release|Win32
		{B7FC1E3B-A07C-BF67-0406-C6BA6D91EE84}.Template|Win32.ActiveCfg = Template|Win32
		{B7FC1E3B-A07C-BF67-0406-C6BA6D91EE84}.Template|Win32.Build.0 = Template|Win32
		{6D87D4C8-31B1-3BC4-B582-3CF448121444}.Debug|Win32.ActiveCfg = Debug|Win32
		{6D87D4C8-31B1-3BC4-B582-3CF448121444}.Debug|Win32.Build.0 = Debug|Win32
		{6D87D4C8-31B1-3BC4-B582-3CF448121444}.Release|Win32.ActiveCfg = Release|Win32
		{6D87D4C8-31B1-3BC4-B582-3CF448121444}.Release|Win32.Build.0 = Release|Win32
		{6D87D4C8-31B1-3BC4-B582-3CF448121444}.Template|Win32.ActiveCfg = Template|Win32
		{6D87D4C8-31B1-3BC4-B582-3CF448121444}.Template|Win32.Build.0 = Template|Win32
		{4DE62468-207C-2583-B5EB-B08069458EC6}.Debug|Win32.ActiveCfg = Debug|Win32
		{4DE62468-207C-2583-B5EB-B08069458EC6}.Debug|Win32.Build.0 = Debug|Win32
		{4DE62468-207C-2583-B5EB-B08069458EC6}.Release|Win32.ActiveCfg = Release|Win32
		{4DE62468-207C-2583-B5EB-B08069458EC6}.Release|Win32.Build.0 = Release|Win32
		{4DE62468-207C-2583-B5EB-B08069458EC6}.Template|Win32.ActiveCfg = Template|Win32
		{4DE62468-207C-2583-B5EB-B08069458EC6}.Template|Win32.Build.0 = Template|Win32
		{9C025F31-FCA4-5E2F-542A-BF2DF121DB0F}.Debug|Win32.ActiveCfg = Debug|Win32
		{9C025F31-FCA4-5E2F-542A-BF2DF121DB0F}.Debug|Win32.Build.0 = Debug|Win32
		{9C025F31-FCA4-5E2F-542A-BF2DF121DB0F}.Release|Win32.ActiveCfg = Release|Win32
		{9C025F31-FCA4-5E2F-542A-BF2DF121DB0F}.Release|Win32.Build.0 = Release|Win32
		{9C025F31-FCA4-5E2F-542A-BF2DF121DB0F}.Template|Win32.ActiveCfg = Template|Win32
		{9C025F31-FCA4-5E2F-542A-BF2DF121DB0F}.Template|Win32.Build.0 = Template|Win32
		{B289DF7E-F6BF-3510-67A8-F5AA89B5C13F}.Debug|Win32.ActiveCfg = Debug|Win32
		{B289DF7E-F6BF-3510-67A8-F5AA89B5C13F}.Debug|Win32.Build.0 = Debug|Win32
		{B289DF7E-F6BF-3510-67A8-F5AA89B5C13F}.Release|Win32.ActiveCfg = Release|Win32
		{B289DF7E-F6BF-3510-67A8-F5AA89B5C13F}.Release|Win32.Build.0 = Release|Win32
		{B289DF7E-F6BF-3510-67A8-F5AA89B5C13F}.Template|Win32.ActiveCfg = Template|Win32
		{B289DF7E-F6BF-3510-67A8-F5AA89B5C13F}.Template|Win32.Build.0 = Template|Win32
		{5DF0E639-2EF0-9012-EB24-F32105DC42BB}.Debug|Win32.ActiveCfg = Debug|Win32
		{5DF0E639-2EF0-9012-EB24-F32105DC42BB}.Debug|Win32.Build.0 = Debug|Win32
		{5DF0E639-2EF0-9012-EB24-F32105DC42BB}.Release|Win32.ActiveCfg = Release|Win32
		{5DF0E639-2EF0-9012-EB24-F32105DC42BB}.Release|Win32.Build.0 = Release|Win32
		{5DF0E639-2EF0-9012-EB24-F32105DC42BB}.Template|Win32.ActiveCfg = Template|Win32
		{5DF0E639-2EF0-9012-EB24-F32105DC42BB}.Template|Win32.Build.0 = Template|Win32
		{BAA78F27-EB6E-D00B-9A2E-060A115B3EE0}.Debug|Win32.ActiveCfg = Debug|Win32
		{BAA78F27-EB6E-D00B-9A2E-060A115B3EE0}.Debug|Win32.Build.0 = Debug|Win32
		{BAA78F27-EB6E-D00B-9A2E-060A115B3EE0}.Release|Win32.ActiveCfg = Release|Win32
		{BAA78F27-EB6E-D00B-9A2E-060A115B3EE0}.Release|Win32.Build.0 = Release|Win32
		{BAA78F27-EB6E-D00B-9A2E-060A115B3EE0}.Template|Win32.ActiveCfg = Template|Win32
		{BAA78F27-EB6E-D00B-9A2E-060A115B3EE0}.Template|Win32.Build.0 = Template|Win32
		{0F13A47C-1CCA-A249-42E7-32BD956AAF96}.Debug|Win32.ActiveCfg = Debug|Win32
		{0F13A47C-1CCA-A249-42E7-32BD956AAF96}.Debug|Win32.Build.0 = Debug|Win32
		{0F13A47C-1CCA-A249-42E7-32BD956AAF96}.Release|Win32.ActiveCfg = Release|Win32
		{0F13A47C-1CCA-A249-42E7-32BD956AAF96}.Release|Win32.Build.0 = Release|Win32
		{0F13A47C-1CCA-A249-42E7-32BD956AAF96}.Template|Win32.ActiveCfg = Template|Win32
		{0F13A47C-1CCA-A249-42E7-32BD956AAF96}.Template|Win32.Build.0 = Template|Win32
		{2633A215-F216-F5DE-B498-C2A2EBC179D1}.Debug|Win32.ActiveCfg = Debug|Win32
		{2633A215-F216-F5DE-B498-C2A2EBC179D1}.Debug|Win32.Build.0 = Debug|Win32
		{2633A215-F216-F5DE-B498-C2A2EBC179D1}.Release|Win32.ActiveCfg = Release|Win32
		{2633A215-F216-F5DE-B498-C2A2EBC179D1}.Release|Win32.Build.0 = Release|Win32
		{2633A215-F216-F5DE-B498-C2A2EBC179D1}.Template|Win32.ActiveCfg = Template|Win32
		{2633A215-F216-F5DE-B498-C2A2EBC179D1}.Template|Win32.Build.0 = Template|Win32
		{6A1C092A-CEF3-255A-686D-FCA024FDB60B}.Debug|Win32.ActiveCfg = Debug|Win32
		{6A1C092A-CEF3-255A-686D-FCA024FDB60B}.Debug|Win32.Build.0 = Debug|Win32
		{6A1C092A-CEF3-255A-686D-FCA024FDB60B}.Release|Win32.ActiveCfg = Release|Win32
		{6A1C092A-CEF3-255A-686D-FCA024FDB60B}.Release|Win32.Build.0 = Release|Win32
		{6A1C092A-CEF3-255A-686D-FCA024FDB60B}.Template|Win32.ActiveCfg = Template|Win32
		{6A1C092A-CEF3-255A-686D-FCA024FDB60B}.Template|Win32.Build.0 = Template|Win32
		{3064F6D3-3808-F173-8CB8-9E175E2F2488}.Debug|Win32.ActiveCfg = Debug|Win32
		{3064F6D3-3808-F173-8CB8-9E175E2F2488}.Debug|Win32.Build.0 = Debug|Win32
		{3064F6D3-3808-F173-8CB8-9E175E2F2488}.Release|Win32.ActiveCfg = Release|Win32
		{3064F6D3-3808-F173-8CB8-9E175E2F2488}.Release|Win32.Build.0 = Release|Win32
		{3064F6D3-3808-F173-8CB8-9E175E2F2488}.Template|Win32.ActiveCfg = Template|Win32
		{3064F6D3-3808-F173-8CB8-9E175E2F2488}.Template|Win32.Build.0 = Template|Win32
	EndGlobalSection
	GlobalSection(SolutionProperties) = preSolution
		HideSolutionNode = FALSE
	EndGlobalSection
	GlobalSection(NestedProjects) = preSolution
		{9598F263-B824-44AB-B166-7FA61DE574A4} = {055C5E1A-D8C2-451C-BAB4-6D7D9E27C813}
		{45F96E47-CFEC-BFDB-F3AF-4AB7DCB2CA23} = {055C5E1A-D8C2-451C-BAB4-6D7D9E27C813}
		{15D100AE-75B7-560B-A508-FEB5135F9253} = {055C5E1A-D8C2-451C-BAB4-6D7D9E27C813}
		{6FFF9570-FF72-417A-97F9-129E2D54B5F0} = {055C5E1A-D8C2-451C-BAB4-6D7D9E27C813}
		{8DCB4F7D-A7B5-DB8A-8518-537AC67740FB} = {055C5E1A-D8C2-451C-BAB4-6D7D9E27C813}
		{28D880E2-1CFF-4383-9921-4CB61A1F660F} = {055C5E1A-D8C2-451C-BAB4-6D7D9E27C813}
		{6796142F-4AD3-491E-AC03-A53952903F0B} = {055C5E1A-D8C2-451C-BAB4-6D7D9E27C813}
		{B3212295-172D-7022-4778-BF2C2A98CA0A} = {055C5E1A-D8C2-451C-BAB4-6D7D9E27C813}
		{F691EDA3-809C-4698-B538-F3090CC54765} = {055C5E1A-D8C2-451C-BAB4-6D7D9E27C813}
		{3CAC60CB-9ABF-0381-E5F1-CE9EF0B0D851} = {9598F263-B824-44AB-B166-7FA61DE574A4}
		{B5A6D7FF-97D9-40F8-BD66-25B19169DDEF} = {9598F263-B824-44AB-B166-7FA61DE574A4}
		{F58BCD35-C982-5CAC-F2D5-1AC8E2369685} = {9598F263-B824-44AB-B166-7FA61DE574A4}
		{DE91F740-F5A5-FEDD-6C8E-78EB5B50FC38} = {9598F263-B824-44AB-B166-7FA61DE574A4}
		{42F4C0F4-1B2C-4F90-9F8C-4DEF4171EE4C} = {9598F263-B824-44AB-B166-7FA61DE574A4}
		{795AC7FF-B49A-845F-4B99-7A50058D930C} = {9598F263-B824-44AB-B166-7FA61DE574A4}
		{9723869D-792F-FF6D-F3BF-C06BCE93C357} = {9598F263-B824-44AB-B166-7FA61DE574A4}
		{CF2DAD12-9032-842C-4534-6424659670AF} = {9598F263-B824-44AB-B166-7FA61DE574A4}
		{1C98D7EF-08B1-A0EF-D2C0-5BD40532565E} = {9598F263-B824-44AB-B166-7FA61DE574A4}
		{C8C3FE7B-B7F2-8F91-2048-E452F9C5AA83} = {9598F263-B824-44AB-B166-7FA61DE574A4}
		{7F2559DD-556B-36E2-843B-95A25A4DCD99} = {9598F263-B824-44AB-B166-7FA61DE574A4}
		{B292278B-CAE7-19BC-A1DB-DA4FB4F89F9B} = {9598F263-B824-44AB-B166-7FA61DE574A4}
		{0276AC91-E71A-2E06-D356-697EEDCD3BA1} = {9598F263-B824-44AB-B166-7FA61DE574A4}
		{DC39E6BD-F141-9390-BBEF-93527AC294B2} = {9598F263-B824-44AB-B166-7FA61DE574A4}
		{2C4E2A1C-1A63-3B90-508E-021B371A2AFF} = {B5A6D7FF-97D9-40F8-BD66-25B19169DDEF}
		{EAEB37A5-7158-BFB3-83D2-6E1D8CFEB2EF} = {B5A6D7FF-97D9-40F8-BD66-25B19169DDEF}
		{20E5D14A-525A-3272-3DE2-07E303955EC3} = {B5A6D7FF-97D9-40F8-BD66-25B19169DDEF}
		{60200D53-CE38-231C-17E6-69F8E8CF5E28} = {B5A6D7FF-97D9-40F8-BD66-25B19169DDEF}
		{4F85B52B-79AE-7DF3-6AB8-80D72C51C72D} = {B5A6D7FF-97D9-40F8-BD66-25B19169DDEF}
		{39D30BE6-2F43-692A-4EFE-FEA2524362CE} = {B5A6D7FF-97D9-40F8-BD66-25B19169DDEF}
		{633B2258-A151-4683-4033-14766ACCDBAC} = {B5A6D7FF-97D9-40F8-BD66-25B19169DDEF}
		{87CC69A5-F20F-E80E-410C-A527E49A2F05} = {B5A6D7FF-97D9-40F8-BD66-25B19169DDEF}
		{D728E835-2DE2-C1F8-6301-FB8B7FF5284E} = {B5A6D7FF-97D9-40F8-BD66-25B19169DDEF}
		{9D8226BD-F136-70EB-D951-20EEED3BD1EE} = {B5A6D7FF-97D9-40F8-BD66-25B19169DDEF}
		{D2F97356-F601-B67E-9CA3-EB9B81FFD4DC} = {B5A6D7FF-97D9-40F8-BD66-25B19169DDEF}
		{5FC2D6BC-291F-7A15-4240-47D92EBEF04F} = {42F4C0F4-1B2C-4F90-9F8C-4DEF4171EE4C}
		{43498E62-13FE-57B6-802C-F4C1C33ED5AC} = {42F4C0F4-1B2C-4F90-9F8C-4DEF4171EE4C}
		{0AD8E877-FDDC-C8A6-BB05-2BF3839D661E} = {42F4C0F4-1B2C-4F90-9F8C-4DEF4171EE4C}
		{0F74FD40-76FB-51A1-ECE6-8D83D06FA407} = {42F4C0F4-1B2C-4F90-9F8C-4DEF4171EE4C}
		{B4948041-188A-42D9-56EB-44DBB20EE8EA} = {42F4C0F4-1B2C-4F90-9F8C-4DEF4171EE4C}
		{AC064134-8CB9-366C-45D2-147C040FC7DB} = {42F4C0F4-1B2C-4F90-9F8C-4DEF4171EE4C}
		{3CF6D3B4-A854-4B2E-7084-54ACDB6E5D4A} = {6FFF9570-FF72-417A-97F9-129E2D54B5F0}
		{0B95FD46-49BC-87A3-B5F5-92302384A5BA} = {6FFF9570-FF72-417A-97F9-129E2D54B5F0}
		{F549FEA0-03A5-9BC0-E7D9-D05249B7445A} = {6FFF9570-FF72-417A-97F9-129E2D54B5F0}
		{44371D24-2706-DDAF-3503-49DE004AEFB6} = {28D880E2-1CFF-4383-9921-4CB61A1F660F}
		{CF823E22-84D8-C956-D38A-35FC1038A08F} = {28D880E2-1CFF-4383-9921-4CB61A1F660F}
		{F1C592F7-83AB-612E-E3DB-C3CED3E045A7} = {28D880E2-1CFF-4383-9921-4CB61A1F660F}
		{80BD087A-E7E4-927E-E800-6E1CFE183560} = {28D880E2-1CFF-4383-9921-4CB61A1F660F}
		{408C334D-3934-6B6C-6634-2A5E305B5976} = {28D880E2-1CFF-4383-9921-4CB61A1F660F}
		{901F6762-E6DD-17B7-90B0-7EC734AE733C} = {28D880E2-1CFF-4383-9921-4CB61A1F660F}
		{5F05C4AD-9447-EFC2-DF3E-15F7130E282D} = {28D880E2-1CFF-4383-9921-4CB61A1F660F}
		{42423083-33A9-FC3E-B9F8-C5CA6F65ACC4} = {28D880E2-1CFF-4383-9921-4CB61A1F660F}
		{DCE18E89-FE16-8FF1-5F48-B00F41AB3650} = {28D880E2-1CFF-4383-9921-4CB61A1F660F}
		{83E9E360-8EA3-7120-04E3-DA26FD80354F} = {28D880E2-1CFF-4383-9921-4CB61A1F660F}
		{6DA5BE47-467D-5D15-93FC-49247E2B3896} = {28D880E2-1CFF-4383-9921-4CB61A1F660F}
		{7D2182EE-72E3-4561-2676-044AAAE8732F} = {28D880E2-1CFF-4383-9921-4CB61A1F660F}
		{FB72E831-4BBB-EB8E-551B-582274AA5A2B} = {28D880E2-1CFF-4383-9921-4CB61A1F660F}
		{7E4B08B9-6F8F-7EE7-5169-E9A98510B80D} = {28D880E2-1CFF-4383-9921-4CB61A1F660F}
		{22AC35F3-B841-202D-78B4-546228FBF92C} = {28D880E2-1CFF-4383-9921-4CB61A1F660F}
		{27B8E2E3-9AE7-7E6D-F292-DAFC1D883AC2} = {28D880E2-1CFF-4383-9921-4CB61A1F660F}
		{341F3237-085F-C684-9D59-884F27FD682C} = {28D880E2-1CFF-4383-9921-4CB61A1F660F}
		{F95492F0-7A9D-4FA8-E60A-79CF700FC4BE} = {28D880E2-1CFF-4383-9921-4CB61A1F660F}
		{7B003923-F185-6871-D2B0-CB8F390AE1CD} = {28D880E2-1CFF-4383-9921-4CB61A1F660F}
		{3C2552DD-A9DB-6D1D-2959-810537C264A6} = {28D880E2-1CFF-4383-9921-4CB61A1F660F}
		{CAB37E96-24E2-30A2-49CB-B7AC134563B5} = {28D880E2-1CFF-4383-9921-4CB61A1F660F}
		{CC467F57-9F6C-076F-27E0-ECBDD1842599} = {6796142F-4AD3-491E-AC03-A53952903F0B}
		{A4379DD4-DF30-474A-9B17-4508F885B3B6} = {6796142F-4AD3-491E-AC03-A53952903F0B}
		{C2E2AC76-EDFF-DFB6-7B0F-E178D46018EA} = {6796142F-4AD3-491E-AC03-A53952903F0B}
		{28D35E23-32AF-42CB-8FAB-9F7473E7270E} = {F1FC333B-981E-4694-A5C5-FAAEA90927E5}
		{85151847-B9C1-B731-0BCC-7872FE4DB759} = {F1FC333B-981E-4694-A5C5-FAAEA90927E5}
		{A3C6FDB4-26FC-22B5-2BAF-A57DC0B73596} = {F1FC333B-981E-4694-A5C5-FAAEA90927E5}
		{DAF88FC5-099B-98DB-8811-480169AB8E76} = {F1FC333B-981E-4694-A5C5-FAAEA90927E5}
		{ACC2543A-24AB-423B-9972-E001B240163C} = {F1FC333B-981E-4694-A5C5-FAAEA90927E5}
		{8ABC5170-3C53-352F-627F-AC3E338E3F47} = {F1FC333B-981E-4694-A5C5-FAAEA90927E5}
		{A0182ED3-2970-08CB-4DD0-EB27A0A96EA4} = {F1FC333B-981E-4694-A5C5-FAAEA90927E5}
		{48702129-BBFA-DE7F-0C07-CD88982D9D3A} = {F1FC333B-981E-4694-A5C5-FAAEA90927E5}
		{5301249C-A9E7-63FE-117E-553A54CDBA14} = {F1FC333B-981E-4694-A5C5-FAAEA90927E5}
		{10E89B79-3ED0-4A88-92DF-869FD09CEE3E} = {F1FC333B-981E-4694-A5C5-FAAEA90927E5}
		{DB43FBEF-7BAA-B6D5-6201-2F6269FCA6F0} = {F1FC333B-981E-4694-A5C5-FAAEA90927E5}
		{6C254F42-2A63-B4AC-A0BB-0CB0781844D9} = {F1FC333B-981E-4694-A5C5-FAAEA90927E5}
		{5677EA47-EE14-4C84-AB7E-5A41EDB68295} = {F1FC333B-981E-4694-A5C5-FAAEA90927E5}
		{B3B59E8D-592E-4621-927B-2D7BECC44F19} = {28D35E23-32AF-42CB-8FAB-9F7473E7270E}
		{B719359C-8566-4CE4-B325-B8D207C0849D} = {28D35E23-32AF-42CB-8FAB-9F7473E7270E}
		{F1A0D6E5-9ACD-4D26-9148-B409EDC14DE3} = {28D35E23-32AF-42CB-8FAB-9F7473E7270E}
		{6BB2AE3C-22AA-47E0-9507-CC114C6BEF62} = {F691EDA3-809C-4698-B538-F3090CC54765}
		{277D036A-576D-FFB3-8A56-AD56A621A30D} = {B3B59E8D-592E-4621-927B-2D7BECC44F19}
		{EEB0DAD8-D8CE-2D03-6611-23069D06A287} = {B3B59E8D-592E-4621-927B-2D7BECC44F19}
		{3349FA15-4B74-EE2D-2BA3-D8B4A058C8C9} = {B719359C-8566-4CE4-B325-B8D207C0849D}
		{24A9DB88-4878-8AAE-844F-B8DD331FF9CE} = {B719359C-8566-4CE4-B325-B8D207C0849D}
		{5418B8B9-C610-0E2B-24AF-FDD81AF0CC88} = {F1A0D6E5-9ACD-4D26-9148-B409EDC14DE3}
		{8935E9CE-00EB-F308-5695-D2C9590FCC91} = {F1A0D6E5-9ACD-4D26-9148-B409EDC14DE3}
		{CA6118A3-F2FB-8E18-48B7-D448625D6BEA} = {6BB2AE3C-22AA-47E0-9507-CC114C6BEF62}
		{FA1F0169-47DC-B4F8-D110-D703B7FAF119} = {6BB2AE3C-22AA-47E0-9507-CC114C6BEF62}
		{C11EB1FB-81B1-09B2-7FDF-52DCB17343BB} = {A4379DD4-DF30-474A-9B17-4508F885B3B6}
		{42F5A480-61C9-9B8E-75DE-15F130837B98} = {A4379DD4-DF30-474A-9B17-4508F885B3B6}
		{07B537E5-ABA8-4053-A97B-82A2AD8B76FE} = {ACC2543A-24AB-423B-9972-E001B240163C}
		{A5750C8E-D5E0-C513-F0C2-DF66AB3B3257} = {ACC2543A-24AB-423B-9972-E001B240163C}
		{EF8DBE1F-A79B-96B4-9F77-B795AE70A158} = {ACC2543A-24AB-423B-9972-E001B240163C}
		{B23CFD2A-6652-2692-11AC-87D8AC461501} = {ACC2543A-24AB-423B-9972-E001B240163C}
		{0DB7A215-FADA-2B02-7C4C-C6969E95619A} = {ACC2543A-24AB-423B-9972-E001B240163C}
		{AA6C8CA7-AEF0-284E-901C-E7660A98568A} = {ACC2543A-24AB-423B-9972-E001B240163C}
		{9E0CCB4C-59E0-958D-B893-D8F7DC489159} = {ACC2543A-24AB-423B-9972-E001B240163C}
		{329217DC-45B3-834C-96ED-4EF19F20F4CC} = {ACC2543A-24AB-423B-9972-E001B240163C}
		{47283E7C-BA0D-9C55-D341-E288C9A419B4} = {ACC2543A-24AB-423B-9972-E001B240163C}
		{07567E80-8317-A41D-CA8D-62905D55969B} = {ACC2543A-24AB-423B-9972-E001B240163C}
		{6E4784C6-D53D-DA8D-61AA-B5FAB1C9D3D0} = {ACC2543A-24AB-423B-9972-E001B240163C}
		{4B2B87EA-F9A8-266E-60A2-86E2E41A2376} = {10E89B79-3ED0-4A88-92DF-869FD09CEE3E}
		{128C98CA-7956-4D26-A458-C0E2394BAB2B} = {10E89B79-3ED0-4A88-92DF-869FD09CEE3E}
		{8B910233-6EB1-9904-4C8D-63EBC84404CA} = {5677EA47-EE14-4C84-AB7E-5A41EDB68295}
		{6AF6230E-192B-4588-B27A-18CE99C40282} = {5677EA47-EE14-4C84-AB7E-5A41EDB68295}
		{B7FC1E3B-A07C-BF67-0406-C6BA6D91EE84} = {5677EA47-EE14-4C84-AB7E-5A41EDB68295}
		{6D87D4C8-31B1-3BC4-B582-3CF448121444} = {5677EA47-EE14-4C84-AB7E-5A41EDB68295}
		{4DE62468-207C-2583-B5EB-B08069458EC6} = {5677EA47-EE14-4C84-AB7E-5A41EDB68295}
		{9C025F31-FCA4-5E2F-542A-BF2DF121DB0F} = {5677EA47-EE14-4C84-AB7E-5A41EDB68295}
		{B289DF7E-F6BF-3510-67A8-F5AA89B5C13F} = {5677EA47-EE14-4C84-AB7E-5A41EDB68295}
		{5DF0E639-2EF0-9012-EB24-F32105DC42BB} = {5677EA47-EE14-4C84-AB7E-5A41EDB68295}
		{BAA78F27-EB6E-D00B-9A2E-060A115B3EE0} = {6AF6230E-192B-4588-B27A-18CE99C40282}
		{0F13A47C-1CCA-A249-42E7-32BD956AAF96} = {6AF6230E-192B-4588-B27A-18CE99C40282}
		{2633A215-F216-F5DE-B498-C2A2EBC179D1} = {6AF6230E-192B-4588-B27A-18CE99C40282}
		{6A1C092A-CEF3-255A-686D-FCA024FDB60B} = {6AF6230E-192B-4588-B27A-18CE99C40282}
		{3064F6D3-3808-F173-8CB8-9E175E2F2488} = {6AF6230E-192B-4588-B27A-18CE99C40282}
	EndGlobalSection
EndGlobal
